// !$*UTF8*$!
{
	archiveVersion = 1;
	classes = {
	};
	objectVersion = 90;
	objects = {

/* Begin PBXBuildFile section */
		A50F8B81301454C7004ED65A /* SettingsView.swift in Sources */ = {isa = PBXBuildFile; fileRef = A50F8B80301454C7004ED65A /* SettingsView.swift */; };
		A524017F30708B01004524F5 /* CameraPicker.swift in Sources */ = {isa = PBXBuildFile; fileRef = A524017E30708B01004524F5 /* CameraPicker.swift */; };
		A524018530708D0C004524F5 /* SetMotion.swift in Sources */ = {isa = PBXBuildFile; fileRef = A524018330708D0C004524F5 /* SetMotion.swift */; };
		A524018630708D0C004524F5 /* SetMotionStore.swift in Sources */ = {isa = PBXBuildFile; fileRef = A524018430708D0C004524F5 /* SetMotionStore.swift */; };
		A524018830708F8B004524F5 /* ShareCameraView.swift in Sources */ = {isa = PBXBuildFile; fileRef = A524018730708F8B004524F5 /* ShareCameraView.swift */; };
		A524018B30709247004524F5 /* StatsView.swift in Sources */ = {isa = PBXBuildFile; fileRef = A524018A30709247004524F5 /* StatsView.swift */; };
		A524018C30709247004524F5 /* StatsDetailView.swift in Sources */ = {isa = PBXBuildFile; fileRef = A524018930709247004524F5 /* StatsDetailView.swift */; };
		A524018F30709265004524F5 /* DemoMotion.swift in Sources */ = {isa = PBXBuildFile; fileRef = A524018D30709265004524F5 /* DemoMotion.swift */; };
		A524019030709265004524F5 /* StatsEngine.swift in Sources */ = {isa = PBXBuildFile; fileRef = A524018E30709265004524F5 /* StatsEngine.swift */; };
		A5240192307099F1004524F5 /* StatsCalendar.swift in Sources */ = {isa = PBXBuildFile; fileRef = A5240191307099F1004524F5 /* StatsCalendar.swift */; };
		A5240194307099F8004524F5 /* ShareLog.swift in Sources */ = {isa = PBXBuildFile; fileRef = A5240193307099F8004524F5 /* ShareLog.swift */; };
		A52401963070A0D6004524F5 /* DesignSystem.swift in Sources */ = {isa = PBXBuildFile; fileRef = A52401953070A0D6004524F5 /* DesignSystem.swift */; };
		A52401983070A276004524F5 /* WorkoutSessionView.swift in Sources */ = {isa = PBXBuildFile; fileRef = A52401973070A276004524F5 /* WorkoutSessionView.swift */; };
		A524019A3070A9C1004524F5 /* TrainingWeek.swift in Sources */ = {isa = PBXBuildFile; fileRef = A52401993070A9C1004524F5 /* TrainingWeek.swift */; };
		A524019C3070A9D7004524F5 /* MacroPlanStore.swift in Sources */ = {isa = PBXBuildFile; fileRef = A524019B3070A9D7004524F5 /* MacroPlanStore.swift */; };
		A524019E3070A9EF004524F5 /* ActivityLogSheet.swift in Sources */ = {isa = PBXBuildFile; fileRef = A524019D3070A9EF004524F5 /* ActivityLogSheet.swift */; };
		A52401A13070A9FF004524F5 /* EffortEstimator.swift in Sources */ = {isa = PBXBuildFile; fileRef = A524019F3070A9FF004524F5 /* EffortEstimator.swift */; };
		A52401A23070A9FF004524F5 /* HealthActivityReader.swift in Sources */ = {isa = PBXBuildFile; fileRef = A52401A03070A9FF004524F5 /* HealthActivityReader.swift */; };
		A52401A43070AB4C004524F5 /* PhotoCompare.swift in Sources */ = {isa = PBXBuildFile; fileRef = A52401A33070AB4C004524F5 /* PhotoCompare.swift */; };
		A52401A63070BA62004524F5 /* ServerSync.swift in Sources */ = {isa = PBXBuildFile; fileRef = A52401A53070BA62004524F5 /* ServerSync.swift */; };
		A52401A83070C039004524F5 /* CoachKit.swift in Sources */ = {isa = PBXBuildFile; fileRef = A52401A73070C039004524F5 /* CoachKit.swift */; };
		A52401AA3070C048004524F5 /* CoachClientTabs.swift in Sources */ = {isa = PBXBuildFile; fileRef = A52401A93070C048004524F5 /* CoachClientTabs.swift */; };
		A52E98F93001CCDE002EFD8C /* Supplements.swift in Sources */ = {isa = PBXBuildFile; fileRef = A52E98F83001CCDE002EFD8C /* Supplements.swift */; };
		A52E98FB3001CCF3002EFD8C /* SupplementEngine.swift in Sources */ = {isa = PBXBuildFile; fileRef = A52E98FA3001CCF3002EFD8C /* SupplementEngine.swift */; };
		A52E98FD3001CCFC002EFD8C /* SupplementsView.swift in Sources */ = {isa = PBXBuildFile; fileRef = A52E98FC3001CCFC002EFD8C /* SupplementsView.swift */; };
		A555A8803007DABA0026B8B9 /* AwardCelebrationView.swift in Sources */ = {isa = PBXBuildFile; fileRef = A555A87F3007DABA0026B8B9 /* AwardCelebrationView.swift */; };
		A555A8823007DAC10026B8B9 /* PRCelebrationView.swift in Sources */ = {isa = PBXBuildFile; fileRef = A555A8813007DAC10026B8B9 /* PRCelebrationView.swift */; };
		A555A88630082C930026B8B9 /* HealthKitManager.swift in Sources */ = {isa = PBXBuildFile; fileRef = A555A88530082C930026B8B9 /* HealthKitManager.swift */; };
		A585FB8D300865DF008E8BE1 /* WatchBridge.swift in Sources */ = {isa = PBXBuildFile; fileRef = A585FB8C300865DF008E8BE1 /* WatchBridge.swift */; };
		A585FBB030086679008E8BE1 /* BigScherlyWatch Watch App.app in Embed Watch Content */ = {isa = PBXBuildFile; fileRef = A585FB9230086678008E8BE1 /* BigScherlyWatch Watch App.app */; settings = {ATTRIBUTES = (RemoveHeadersOnCopy, ); }; };
		A585FBCA3008678A008E8BE1 /* WidgetKit.framework in Frameworks */ = {isa = PBXBuildFile; fileRef = A585FBC93008678A008E8BE1 /* WidgetKit.framework */; };
		A585FBCC3008678A008E8BE1 /* SwiftUI.framework in Frameworks */ = {isa = PBXBuildFile; fileRef = A585FBCB3008678A008E8BE1 /* SwiftUI.framework */; };
		A585FBD73008678B008E8BE1 /* BSTComplicationExtension.appex in Embed Foundation Extensions */ = {isa = PBXBuildFile; fileRef = A585FBC73008678A008E8BE1 /* BSTComplicationExtension.appex */; settings = {ATTRIBUTES = (RemoveHeadersOnCopy, ); }; };
		A5976FB32FF82FC20088A450 /* bell.caf in Resources */ = {isa = PBXBuildFile; fileRef = A5976FB12FF82FC20088A450 /* bell.caf */; };
		A5976FB42FF82FC20088A450 /* bell.mp3 in Resources */ = {isa = PBXBuildFile; fileRef = A5976FB22FF82FC20088A450 /* bell.mp3 */; };
		A5A491BC3071B811001B07A1 /* WidgetBridge.swift in Sources */ = {isa = PBXBuildFile; fileRef = A5A491BB3071B811001B07A1 /* WidgetBridge.swift */; };
		A5AB68902FF8CE9C004396CD /* LoginView.swift in Sources */ = {isa = PBXBuildFile; fileRef = A5AB68862FF8CE9C004396CD /* LoginView.swift */; };
		A5AB68912FF8CE9C004396CD /* HistoryView.swift in Sources */ = {isa = PBXBuildFile; fileRef = A5AB68852FF8CE9C004396CD /* HistoryView.swift */; };
		A5AB68922FF8CE9C004396CD /* ShareView.swift in Sources */ = {isa = PBXBuildFile; fileRef = A5AB688A2FF8CE9C004396CD /* ShareView.swift */; };
		A5AB68932FF8CE9C004396CD /* ProgressScreens.swift in Sources */ = {isa = PBXBuildFile; fileRef = A5AB68882FF8CE9C004396CD /* ProgressScreens.swift */; };
		A5AB68942FF8CE9C004396CD /* MetallicText.swift in Sources */ = {isa = PBXBuildFile; fileRef = A5AB687D2FF8CE9C004396CD /* MetallicText.swift */; };
		A5AB68952FF8CE9C004396CD /* InlineRestButton.swift in Sources */ = {isa = PBXBuildFile; fileRef = A5AB687C2FF8CE9C004396CD /* InlineRestButton.swift */; };
		A5AB68962FF8CE9C004396CD /* RestTimerEngine.swift in Sources */ = {isa = PBXBuildFile; fileRef = A5AB687F2FF8CE9C004396CD /* RestTimerEngine.swift */; };
		A5AB68972FF8CE9C004396CD /* Theme.swift in Sources */ = {isa = PBXBuildFile; fileRef = A5AB688E2FF8CE9C004396CD /* Theme.swift */; };
		A5AB68982FF8CE9C004396CD /* NavTray.swift in Sources */ = {isa = PBXBuildFile; fileRef = A5AB687E2FF8CE9C004396CD /* NavTray.swift */; };
		A5AB68992FF8CE9C004396CD /* ChatView.swift in Sources */ = {isa = PBXBuildFile; fileRef = A5AB68832FF8CE9C004396CD /* ChatView.swift */; };
		A5AB689A2FF8CE9C004396CD /* SplashView.swift in Sources */ = {isa = PBXBuildFile; fileRef = A5AB688B2FF8CE9C004396CD /* SplashView.swift */; };
		A5AB689B2FF8CE9C004396CD /* MacrosView.swift in Sources */ = {isa = PBXBuildFile; fileRef = A5AB68872FF8CE9C004396CD /* MacrosView.swift */; };
		A5AB689C2FF8CE9C004396CD /* WorkoutsView.swift in Sources */ = {isa = PBXBuildFile; fileRef = A5AB688C2FF8CE9C004396CD /* WorkoutsView.swift */; };
		A5AB689D2FF8CE9C004396CD /* ExerciseHistoryView.swift in Sources */ = {isa = PBXBuildFile; fileRef = A5AB687B2FF8CE9C004396CD /* ExerciseHistoryView.swift */; };
		A5AB689E2FF8CE9C004396CD /* Models.swift in Sources */ = {isa = PBXBuildFile; fileRef = A5AB68812FF8CE9C004396CD /* Models.swift */; };
		A5AB689F2FF8CE9C004396CD /* SetPasswordView.swift in Sources */ = {isa = PBXBuildFile; fileRef = A5AB68892FF8CE9C004396CD /* SetPasswordView.swift */; };
		A5AB68A02FF8CE9C004396CD /* DashboardView.swift in Sources */ = {isa = PBXBuildFile; fileRef = A5AB68842FF8CE9C004396CD /* DashboardView.swift */; };
		A5B90C0C300FF81F0081F533 /* TrainerShareView.swift in Sources */ = {isa = PBXBuildFile; fileRef = A5B90C0B300FF81F0081F533 /* TrainerShareView.swift */; };
		A5B90C0E3010266B0081F533 /* AuthedAsyncImage.swift in Sources */ = {isa = PBXBuildFile; fileRef = A5B90C0D3010266B0081F533 /* AuthedAsyncImage.swift */; };
		A5B90C10301026D20081F533 /* FullScreenPhotoView.swift in Sources */ = {isa = PBXBuildFile; fileRef = A5B90C0F301026D20081F533 /* FullScreenPhotoView.swift */; };
		A5D04AB8300EED4B0051D2DF /* CheckInFlow.swift in Sources */ = {isa = PBXBuildFile; fileRef = A5D04AB7300EED4B0051D2DF /* CheckInFlow.swift */; };
		A5D3C0352FFC4A6100F53A37 /* VideoCompressor.swift in Sources */ = {isa = PBXBuildFile; fileRef = A5D3C0342FFC4A6100F53A37 /* VideoCompressor.swift */; };
		A5DC6C573068A1D10077FFCD /* TrainerWorkoutsView.swift in Sources */ = {isa = PBXBuildFile; fileRef = A5DC6C563068A1D10077FFCD /* TrainerWorkoutsView.swift */; };
		A5F6672230717255005E9580 /* WidgetKit.framework in Frameworks */ = {isa = PBXBuildFile; fileRef = A585FBC93008678A008E8BE1 /* WidgetKit.framework */; };
		A5F6672330717255005E9580 /* SwiftUI.framework in Frameworks */ = {isa = PBXBuildFile; fileRef = A585FBCB3008678A008E8BE1 /* SwiftUI.framework */; };
		A5F6673030717257005E9580 /* BigScherlyWidgetsExtension.appex in Embed Foundation Extensions */ = {isa = PBXBuildFile; fileRef = A5F6672130717255005E9580 /* BigScherlyWidgetsExtension.appex */; settings = {ATTRIBUTES = (RemoveHeadersOnCopy, ); }; };
		A5F66787307178EE005E9580 /* LiveSessionController.swift in Sources */ = {isa = PBXBuildFile; fileRef = A5F6678530717881005E9580 /* LiveSessionController.swift */; };
		FF2000000000000000000000 /* Awards.swift in Sources */ = {isa = PBXBuildFile; fileRef = FF1000000000000000000000 /* Awards.swift */; };
		FF2000100000000000000000 /* TrainerModels.swift in Sources */ = {isa = PBXBuildFile; fileRef = FF1000100000000000000000 /* TrainerModels.swift */; };
		FF2000300000000000000000 /* AwardEngine.swift in Sources */ = {isa = PBXBuildFile; fileRef = FF1000300000000000000000 /* AwardEngine.swift */; };
		FF2000500000000000000000 /* ProgressEngine.swift in Sources */ = {isa = PBXBuildFile; fileRef = FF1000500000000000000000 /* ProgressEngine.swift */; };
		FF2000600000000000000000 /* SocialShare.swift in Sources */ = {isa = PBXBuildFile; fileRef = FF1000600000000000000000 /* SocialShare.swift */; };
		FF2000700000000000000000 /* AwardsView.swift in Sources */ = {isa = PBXBuildFile; fileRef = FF1000700000000000000000 /* AwardsView.swift */; };
		FF2000800000000000000000 /* TrainerClientView.swift in Sources */ = {isa = PBXBuildFile; fileRef = FF1000800000000000000000 /* TrainerClientView.swift */; };
		FF2000900000000000000000 /* TrainerSections.swift in Sources */ = {isa = PBXBuildFile; fileRef = FF1000900000000000000000 /* TrainerSections.swift */; };
		FF2001000000000000000000 /* TrainerShell.swift in Sources */ = {isa = PBXBuildFile; fileRef = FF1001000000000000000000 /* TrainerShell.swift */; };
/* End PBXBuildFile section */

/* Begin PBXContainerItemProxy section */
		A585FB9F30086678008E8BE1 /* PBXContainerItemProxy */ = {
			isa = PBXContainerItemProxy;
			containerPortal = 000000000000000000000000 /* Project object */;
			proxyType = 1;
			remoteGlobalIDString = A585FB9130086678008E8BE1;
			remoteInfo = "BigScherlyWatch Watch App";
		};
		A585FBA930086679008E8BE1 /* PBXContainerItemProxy */ = {
			isa = PBXContainerItemProxy;
			containerPortal = 000000000000000000000000 /* Project object */;
			proxyType = 1;
			remoteGlobalIDString = A585FB9130086678008E8BE1;
			remoteInfo = "BigScherlyWatch Watch App";
		};
		A585FBAE30086679008E8BE1 /* PBXContainerItemProxy */ = {
			isa = PBXContainerItemProxy;
			containerPortal = 000000000000000000000000 /* Project object */;
			proxyType = 1;
			remoteGlobalIDString = A585FB9130086678008E8BE1;
			remoteInfo = "BigScherlyWatch Watch App";
		};
		A585FBD53008678B008E8BE1 /* PBXContainerItemProxy */ = {
			isa = PBXContainerItemProxy;
			containerPortal = 000000000000000000000000 /* Project object */;
			proxyType = 1;
			remoteGlobalIDString = A585FBC63008678A008E8BE1;
			remoteInfo = BSTComplicationExtension;
		};
		A5F6672E30717257005E9580 /* PBXContainerItemProxy */ = {
			isa = PBXContainerItemProxy;
			containerPortal = 000000000000000000000000 /* Project object */;
			proxyType = 1;
			remoteGlobalIDString = A5F6672030717255005E9580;
			remoteInfo = BigScherlyWidgetsExtension;
		};
/* End PBXContainerItemProxy section */

/* Begin PBXCopyFilesBuildPhase section */
		A585FBB430086679008E8BE1 /* Embed Watch Content */ = {
			isa = PBXCopyFilesBuildPhase;
			dstPath = "$(CONTENTS_FOLDER_PATH)/Watch";
			dstSubfolder = Product;
			files = (
				A585FBB030086679008E8BE1 /* BigScherlyWatch Watch App.app in Embed Watch Content */,
			);
			name = "Embed Watch Content";
		};
		A585FBDC3008678B008E8BE1 /* Embed Foundation Extensions */ = {
			isa = PBXCopyFilesBuildPhase;
			dstPath = "";
			dstSubfolder = PlugIns;
			files = (
				A585FBD73008678B008E8BE1 /* BSTComplicationExtension.appex in Embed Foundation Extensions */,
			);
			name = "Embed Foundation Extensions";
		};
		A5F6673130717257005E9580 /* Embed Foundation Extensions */ = {
			isa = PBXCopyFilesBuildPhase;
			dstPath = "";
			dstSubfolder = PlugIns;
			files = (
				A5F6673030717257005E9580 /* BigScherlyWidgetsExtension.appex in Embed Foundation Extensions */,
			);
			name = "Embed Foundation Extensions";
		};
/* End PBXCopyFilesBuildPhase section */

/* Begin PBXFileReference section */
		000000000000000000000120 /* BigScherlyTraining.app */ = {isa = PBXFileReference; explicitFileType = wrapper.application; includeInIndex = 0; path = BigScherlyTraining.app; sourceTree = BUILT_PRODUCTS_DIR; };
		A50F8B80301454C7004ED65A /* SettingsView.swift */ = {isa = PBXFileReference; lastKnownFileType = sourcecode.swift; path = SettingsView.swift; sourceTree = "<group>"; };
		A524017E30708B01004524F5 /* CameraPicker.swift */ = {isa = PBXFileReference; lastKnownFileType = sourcecode.swift; path = CameraPicker.swift; sourceTree = "<group>"; };
		A524018330708D0C004524F5 /* SetMotion.swift */ = {isa = PBXFileReference; lastKnownFileType = sourcecode.swift; path = SetMotion.swift; sourceTree = "<group>"; };
		A524018430708D0C004524F5 /* SetMotionStore.swift */ = {isa = PBXFileReference; lastKnownFileType = sourcecode.swift; path = SetMotionStore.swift; sourceTree = "<group>"; };
		A524018730708F8B004524F5 /* ShareCameraView.swift */ = {isa = PBXFileReference; lastKnownFileType = sourcecode.swift; path = ShareCameraView.swift; sourceTree = "<group>"; };
		A524018930709247004524F5 /* StatsDetailView.swift */ = {isa = PBXFileReference; lastKnownFileType = sourcecode.swift; path = StatsDetailView.swift; sourceTree = "<group>"; };
		A524018A30709247004524F5 /* StatsView.swift */ = {isa = PBXFileReference; lastKnownFileType = sourcecode.swift; path = StatsView.swift; sourceTree = "<group>"; };
		A524018D30709265004524F5 /* DemoMotion.swift */ = {isa = PBXFileReference; lastKnownFileType = sourcecode.swift; path = DemoMotion.swift; sourceTree = "<group>"; };
		A524018E30709265004524F5 /* StatsEngine.swift */ = {isa = PBXFileReference; lastKnownFileType = sourcecode.swift; path = StatsEngine.swift; sourceTree = "<group>"; };
		A5240191307099F1004524F5 /* StatsCalendar.swift */ = {isa = PBXFileReference; lastKnownFileType = sourcecode.swift; path = StatsCalendar.swift; sourceTree = "<group>"; };
		A5240193307099F8004524F5 /* ShareLog.swift */ = {isa = PBXFileReference; lastKnownFileType = sourcecode.swift; path = ShareLog.swift; sourceTree = "<group>"; };
		A52401953070A0D6004524F5 /* DesignSystem.swift */ = {isa = PBXFileReference; lastKnownFileType = sourcecode.swift; path = DesignSystem.swift; sourceTree = "<group>"; };
		A52401973070A276004524F5 /* WorkoutSessionView.swift */ = {isa = PBXFileReference; lastKnownFileType = sourcecode.swift; path = WorkoutSessionView.swift; sourceTree = "<group>"; };
		A52401993070A9C1004524F5 /* TrainingWeek.swift */ = {isa = PBXFileReference; lastKnownFileType = sourcecode.swift; path = TrainingWeek.swift; sourceTree = "<group>"; };
		A524019B3070A9D7004524F5 /* MacroPlanStore.swift */ = {isa = PBXFileReference; lastKnownFileType = sourcecode.swift; path = MacroPlanStore.swift; sourceTree = "<group>"; };
		A524019D3070A9EF004524F5 /* ActivityLogSheet.swift */ = {isa = PBXFileReference; lastKnownFileType = sourcecode.swift; path = ActivityLogSheet.swift; sourceTree = "<group>"; };
		A524019F3070A9FF004524F5 /* EffortEstimator.swift */ = {isa = PBXFileReference; lastKnownFileType = sourcecode.swift; path = EffortEstimator.swift; sourceTree = "<group>"; };
		A52401A03070A9FF004524F5 /* HealthActivityReader.swift */ = {isa = PBXFileReference; lastKnownFileType = sourcecode.swift; path = HealthActivityReader.swift; sourceTree = "<group>"; };
		A52401A33070AB4C004524F5 /* PhotoCompare.swift */ = {isa = PBXFileReference; lastKnownFileType = sourcecode.swift; path = PhotoCompare.swift; sourceTree = "<group>"; };
		A52401A53070BA62004524F5 /* ServerSync.swift */ = {isa = PBXFileReference; lastKnownFileType = sourcecode.swift; path = ServerSync.swift; sourceTree = "<group>"; };
		A52401A73070C039004524F5 /* CoachKit.swift */ = {isa = PBXFileReference; lastKnownFileType = sourcecode.swift; path = CoachKit.swift; sourceTree = "<group>"; };
		A52401A93070C048004524F5 /* CoachClientTabs.swift */ = {isa = PBXFileReference; lastKnownFileType = sourcecode.swift; path = CoachClientTabs.swift; sourceTree = "<group>"; };
		A52E98F83001CCDE002EFD8C /* Supplements.swift */ = {isa = PBXFileReference; lastKnownFileType = sourcecode.swift; path = Supplements.swift; sourceTree = "<group>"; };
		A52E98FA3001CCF3002EFD8C /* SupplementEngine.swift */ = {isa = PBXFileReference; lastKnownFileType = sourcecode.swift; path = SupplementEngine.swift; sourceTree = "<group>"; };
		A52E98FC3001CCFC002EFD8C /* SupplementsView.swift */ = {isa = PBXFileReference; lastKnownFileType = sourcecode.swift; path = SupplementsView.swift; sourceTree = "<group>"; };
		A555A87F3007DABA0026B8B9 /* AwardCelebrationView.swift */ = {isa = PBXFileReference; lastKnownFileType = sourcecode.swift; path = AwardCelebrationView.swift; sourceTree = "<group>"; };
		A555A8813007DAC10026B8B9 /* PRCelebrationView.swift */ = {isa = PBXFileReference; lastKnownFileType = sourcecode.swift; path = PRCelebrationView.swift; sourceTree = "<group>"; };
		A555A88530082C930026B8B9 /* HealthKitManager.swift */ = {isa = PBXFileReference; lastKnownFileType = sourcecode.swift; path = HealthKitManager.swift; sourceTree = "<group>"; };
		A585FB8C300865DF008E8BE1 /* WatchBridge.swift */ = {isa = PBXFileReference; lastKnownFileType = sourcecode.swift; path = WatchBridge.swift; sourceTree = "<group>"; };
		A585FB9230086678008E8BE1 /* BigScherlyWatch Watch App.app */ = {isa = PBXFileReference; explicitFileType = wrapper.application; includeInIndex = 0; path = "BigScherlyWatch Watch App.app"; sourceTree = BUILT_PRODUCTS_DIR; };
		A585FBC73008678A008E8BE1 /* BSTComplicationExtension.appex */ = {isa = PBXFileReference; explicitFileType = "wrapper.app-extension"; includeInIndex = 0; path = BSTComplicationExtension.appex; sourceTree = BUILT_PRODUCTS_DIR; };
		A585FBC93008678A008E8BE1 /* WidgetKit.framework */ = {isa = PBXFileReference; lastKnownFileType = wrapper.framework; name = WidgetKit.framework; path = System/Library/Frameworks/WidgetKit.framework; sourceTree = SDKROOT; };
		A585FBCB3008678A008E8BE1 /* SwiftUI.framework */ = {isa = PBXFileReference; lastKnownFileType = wrapper.framework; name = SwiftUI.framework; path = System/Library/Frameworks/SwiftUI.framework; sourceTree = SDKROOT; };
		A5976FB12FF82FC20088A450 /* bell.caf */ = {isa = PBXFileReference; lastKnownFileType = file; path = bell.caf; sourceTree = "<group>"; };
		A5976FB22FF82FC20088A450 /* bell.mp3 */ = {isa = PBXFileReference; lastKnownFileType = audio.mp3; path = bell.mp3; sourceTree = "<group>"; };
		A5A491BB3071B811001B07A1 /* WidgetBridge.swift */ = {isa = PBXFileReference; lastKnownFileType = sourcecode.swift; path = WidgetBridge.swift; sourceTree = "<group>"; };
		A5A491BE3071B980001B07A1 /* BigScherlyWidgetsExtension.entitlements */ = {isa = PBXFileReference; lastKnownFileType = text.plist.entitlements; path = BigScherlyWidgetsExtension.entitlements; sourceTree = "<group>"; };
		A5AB687B2FF8CE9C004396CD /* ExerciseHistoryView.swift */ = {isa = PBXFileReference; lastKnownFileType = sourcecode.swift; path = ExerciseHistoryView.swift; sourceTree = "<group>"; };
		A5AB687C2FF8CE9C004396CD /* InlineRestButton.swift */ = {isa = PBXFileReference; lastKnownFileType = sourcecode.swift; path = InlineRestButton.swift; sourceTree = "<group>"; };
		A5AB687D2FF8CE9C004396CD /* MetallicText.swift */ = {isa = PBXFileReference; lastKnownFileType = sourcecode.swift; path = MetallicText.swift; sourceTree = "<group>"; };
		A5AB687E2FF8CE9C004396CD /* NavTray.swift */ = {isa = PBXFileReference; lastKnownFileType = sourcecode.swift; path = NavTray.swift; sourceTree = "<group>"; };
		A5AB687F2FF8CE9C004396CD /* RestTimerEngine.swift */ = {isa = PBXFileReference; lastKnownFileType = sourcecode.swift; path = RestTimerEngine.swift; sourceTree = "<group>"; };
		A5AB68812FF8CE9C004396CD /* Models.swift */ = {isa = PBXFileReference; lastKnownFileType = sourcecode.swift; path = Models.swift; sourceTree = "<group>"; };
		A5AB68832FF8CE9C004396CD /* ChatView.swift */ = {isa = PBXFileReference; lastKnownFileType = sourcecode.swift; path = ChatView.swift; sourceTree = "<group>"; };
		A5AB68842FF8CE9C004396CD /* DashboardView.swift */ = {isa = PBXFileReference; lastKnownFileType = sourcecode.swift; path = DashboardView.swift; sourceTree = "<group>"; };
		A5AB68852FF8CE9C004396CD /* HistoryView.swift */ = {isa = PBXFileReference; lastKnownFileType = sourcecode.swift; path = HistoryView.swift; sourceTree = "<group>"; };
		A5AB68862FF8CE9C004396CD /* LoginView.swift */ = {isa = PBXFileReference; lastKnownFileType = sourcecode.swift; path = LoginView.swift; sourceTree = "<group>"; };
		A5AB68872FF8CE9C004396CD /* MacrosView.swift */ = {isa = PBXFileReference; lastKnownFileType = sourcecode.swift; path = MacrosView.swift; sourceTree = "<group>"; };
		A5AB68882FF8CE9C004396CD /* ProgressScreens.swift */ = {isa = PBXFileReference; lastKnownFileType = sourcecode.swift; path = ProgressScreens.swift; sourceTree = "<group>"; };
		A5AB68892FF8CE9C004396CD /* SetPasswordView.swift */ = {isa = PBXFileReference; lastKnownFileType = sourcecode.swift; path = SetPasswordView.swift; sourceTree = "<group>"; };
		A5AB688A2FF8CE9C004396CD /* ShareView.swift */ = {isa = PBXFileReference; lastKnownFileType = sourcecode.swift; path = ShareView.swift; sourceTree = "<group>"; };
		A5AB688B2FF8CE9C004396CD /* SplashView.swift */ = {isa = PBXFileReference; lastKnownFileType = sourcecode.swift; path = SplashView.swift; sourceTree = "<group>"; };
		A5AB688C2FF8CE9C004396CD /* WorkoutsView.swift */ = {isa = PBXFileReference; lastKnownFileType = sourcecode.swift; path = WorkoutsView.swift; sourceTree = "<group>"; };
		A5AB688E2FF8CE9C004396CD /* Theme.swift */ = {isa = PBXFileReference; lastKnownFileType = sourcecode.swift; path = Theme.swift; sourceTree = "<group>"; };
		A5B356D33015759500FD7182 /* BigScherlyWatch Watch AppTests.xctest */ = {isa = PBXFileReference; explicitFileType = wrapper.cfbundle; includeInIndex = 0; path = "BigScherlyWatch Watch AppTests.xctest"; sourceTree = BUILT_PRODUCTS_DIR; };
		A5B356D43015759500FD7182 /* BigScherlyWatch Watch AppUITests.xctest */ = {isa = PBXFileReference; explicitFileType = wrapper.cfbundle; includeInIndex = 0; path = "BigScherlyWatch Watch AppUITests.xctest"; sourceTree = BUILT_PRODUCTS_DIR; };
		A5B90C0B300FF81F0081F533 /* TrainerShareView.swift */ = {isa = PBXFileReference; lastKnownFileType = sourcecode.swift; path = TrainerShareView.swift; sourceTree = "<group>"; };
		A5B90C0D3010266B0081F533 /* AuthedAsyncImage.swift */ = {isa = PBXFileReference; lastKnownFileType = sourcecode.swift; path = AuthedAsyncImage.swift; sourceTree = "<group>"; };
		A5B90C0F301026D20081F533 /* FullScreenPhotoView.swift */ = {isa = PBXFileReference; lastKnownFileType = sourcecode.swift; path = FullScreenPhotoView.swift; sourceTree = "<group>"; };
		A5D04AB7300EED4B0051D2DF /* CheckInFlow.swift */ = {isa = PBXFileReference; lastKnownFileType = sourcecode.swift; path = CheckInFlow.swift; sourceTree = "<group>"; };
		A5D3C0342FFC4A6100F53A37 /* VideoCompressor.swift */ = {isa = PBXFileReference; lastKnownFileType = sourcecode.swift; path = VideoCompressor.swift; sourceTree = "<group>"; };
		A5DC6C553068A1D10077FFCD /* CameraPicker.swift */ = {isa = PBXFileReference; lastKnownFileType = sourcecode.swift; path = CameraPicker.swift; sourceTree = "<group>"; };
		A5DC6C563068A1D10077FFCD /* TrainerWorkoutsView.swift */ = {isa = PBXFileReference; lastKnownFileType = sourcecode.swift; path = TrainerWorkoutsView.swift; sourceTree = "<group>"; };
		A5F6672130717255005E9580 /* BigScherlyWidgetsExtension.appex */ = {isa = PBXFileReference; explicitFileType = "wrapper.app-extension"; includeInIndex = 0; path = BigScherlyWidgetsExtension.appex; sourceTree = BUILT_PRODUCTS_DIR; };
		A5F6678530717881005E9580 /* LiveSessionController.swift */ = {isa = PBXFileReference; lastKnownFileType = sourcecode.swift; path = LiveSessionController.swift; sourceTree = "<group>"; };
		FF1000000000000000000000 /* Awards.swift */ = {isa = PBXFileReference; lastKnownFileType = sourcecode.swift; path = Awards.swift; sourceTree = "<group>"; };
		FF1000100000000000000000 /* TrainerModels.swift */ = {isa = PBXFileReference; lastKnownFileType = sourcecode.swift; path = TrainerModels.swift; sourceTree = "<group>"; };
		FF1000300000000000000000 /* AwardEngine.swift */ = {isa = PBXFileReference; lastKnownFileType = sourcecode.swift; path = AwardEngine.swift; sourceTree = "<group>"; };
		FF1000500000000000000000 /* ProgressEngine.swift */ = {isa = PBXFileReference; lastKnownFileType = sourcecode.swift; path = ProgressEngine.swift; sourceTree = "<group>"; };
		FF1000600000000000000000 /* SocialShare.swift */ = {isa = PBXFileReference; lastKnownFileType = sourcecode.swift; path = SocialShare.swift; sourceTree = "<group>"; };
		FF1000700000000000000000 /* AwardsView.swift */ = {isa = PBXFileReference; lastKnownFileType = sourcecode.swift; path = AwardsView.swift; sourceTree = "<group>"; };
		FF1000800000000000000000 /* TrainerClientView.swift */ = {isa = PBXFileReference; lastKnownFileType = sourcecode.swift; path = TrainerClientView.swift; sourceTree = "<group>"; };
		FF1000900000000000000000 /* TrainerSections.swift */ = {isa = PBXFileReference; lastKnownFileType = sourcecode.swift; path = TrainerSections.swift; sourceTree = "<group>"; };
		FF1001000000000000000000 /* TrainerShell.swift */ = {isa = PBXFileReference; lastKnownFileType = sourcecode.swift; path = TrainerShell.swift; sourceTree = "<group>"; };
/* End PBXFileReference section */

/* Begin PBXFileSystemSynchronizedBuildFileExceptionSet section */
		A524018030708C0B004524F5 /* Exceptions for "BigScherlyTraining" folder in "BigScherlyTraining" target */ = {
			isa = PBXFileSystemSynchronizedBuildFileExceptionSet;
			membershipExceptions = (
				Info.plist,
			);
			target = 000000000000000100000000 /* BigScherlyTraining */;
		};
		A585FBD83008678B008E8BE1 /* Exceptions for "BSTComplication" folder in "BSTComplicationExtension" target */ = {
			isa = PBXFileSystemSynchronizedBuildFileExceptionSet;
			membershipExceptions = (
				BSTComplicationExtension,
				Info.plist,
			);
			target = A585FBC63008678A008E8BE1 /* BSTComplicationExtension */;
		};
		A5F6673430717257005E9580 /* Exceptions for "BigScherlyWidgets" folder in "BigScherlyWidgetsExtension" target */ = {
			isa = PBXFileSystemSynchronizedBuildFileExceptionSet;
			membershipExceptions = (
				Info.plist,
			);
			target = A5F6672030717255005E9580 /* BigScherlyWidgetsExtension */;
		};
		A5F6678230717799005E9580 /* Exceptions for "BigScherlyWidgets" folder in "BigScherlyTraining" target */ = {
			isa = PBXFileSystemSynchronizedBuildFileExceptionSet;
			membershipExceptions = (
				WidgetSnapshot.swift,
				WorkoutActivity.swift,
			);
			target = 000000000000000100000000 /* BigScherlyTraining */;
		};
/* End PBXFileSystemSynchronizedBuildFileExceptionSet section */

/* Begin PBXFileSystemSynchronizedRootGroup section */
		A585FB9330086678008E8BE1 /* BigScherlyWatch Watch App */ = {
			isa = PBXFileSystemSynchronizedRootGroup;
			path = "BigScherlyWatch Watch App";
			sourceTree = "<group>";
		};
		A585FBCD3008678A008E8BE1 /* BSTComplication */ = {
			isa = PBXFileSystemSynchronizedRootGroup;
			exceptions = (
				A585FBD83008678B008E8BE1 /* Exceptions for "BSTComplication" folder in "BSTComplicationExtension" target */,
			);
			path = BSTComplication;
			sourceTree = "<group>";
		};
		A5976F962FF829630088A450 /* BigScherlyTraining */ = {
			isa = PBXFileSystemSynchronizedRootGroup;
			exceptions = (
				A524018030708C0B004524F5 /* Exceptions for "BigScherlyTraining" folder in "BigScherlyTraining" target */,
			);
			path = BigScherlyTraining;
			sourceTree = "<group>";
		};
		A5F6672430717255005E9580 /* BigScherlyWidgets */ = {
			isa = PBXFileSystemSynchronizedRootGroup;
			exceptions = (
				A5F6678230717799005E9580 /* Exceptions for "BigScherlyWidgets" folder in "BigScherlyTraining" target */,
				A5F6673430717257005E9580 /* Exceptions for "BigScherlyWidgets" folder in "BigScherlyWidgetsExtension" target */,
			);
			path = BigScherlyWidgets;
			sourceTree = "<group>";
		};
/* End PBXFileSystemSynchronizedRootGroup section */

/* Begin PBXFrameworksBuildPhase section */
		000000000000000130000000 /* Frameworks */ = {
			isa = PBXFrameworksBuildPhase;
			files = (
			);
		};
		A585FB8F30086678008E8BE1 /* Frameworks */ = {
			isa = PBXFrameworksBuildPhase;
			files = (
			);
		};
		A585FB9B30086678008E8BE1 /* Frameworks */ = {
			isa = PBXFrameworksBuildPhase;
			files = (
			);
		};
		A585FBA530086679008E8BE1 /* Frameworks */ = {
			isa = PBXFrameworksBuildPhase;
			files = (
			);
		};
		A585FBC43008678A008E8BE1 /* Frameworks */ = {
			isa = PBXFrameworksBuildPhase;
			files = (
				A585FBCC3008678A008E8BE1 /* SwiftUI.framework in Frameworks */,
				A585FBCA3008678A008E8BE1 /* WidgetKit.framework in Frameworks */,
			);
		};
		A5F6671E30717255005E9580 /* Frameworks */ = {
			isa = PBXFrameworksBuildPhase;
			files = (
				A5F6672330717255005E9580 /* SwiftUI.framework in Frameworks */,
				A5F6672230717255005E9580 /* WidgetKit.framework in Frameworks */,
			);
		};
/* End PBXFrameworksBuildPhase section */

/* Begin PBXGroup section */
		000000000000000000000001 = {
			isa = PBXGroup;
			children = (
				A5A491BE3071B980001B07A1 /* BigScherlyWidgetsExtension.entitlements */,
				A5976FB12FF82FC20088A450 /* bell.caf */,
				A5976FB22FF82FC20088A450 /* bell.mp3 */,
				A5976F962FF829630088A450 /* BigScherlyTraining */,
				A585FB9330086678008E8BE1 /* BigScherlyWatch Watch App */,
				A5F6672430717255005E9580 /* BigScherlyWidgets */,
				A585FBCD3008678A008E8BE1 /* BSTComplication */,
				A5AB68802FF8CE9C004396CD /* Components */,
				A585FBC83008678A008E8BE1 /* Frameworks */,
				A5AB68822FF8CE9C004396CD /* Models */,
				000000000000000000000020 /* Products */,
				A5AB688D2FF8CE9C004396CD /* Screens */,
				A5AB688F2FF8CE9C004396CD /* Theme */,
			);
			sourceTree = "<group>";
		};
		000000000000000000000020 /* Products */ = {
			isa = PBXGroup;
			children = (
				000000000000000000000120 /* BigScherlyTraining.app */,
				A585FB9230086678008E8BE1 /* BigScherlyWatch Watch App.app */,
				A585FBC73008678A008E8BE1 /* BSTComplicationExtension.appex */,
				A5B356D33015759500FD7182 /* BigScherlyWatch Watch AppTests.xctest */,
				A5B356D43015759500FD7182 /* BigScherlyWatch Watch AppUITests.xctest */,
				A5F6672130717255005E9580 /* BigScherlyWidgetsExtension.appex */,
			);
			name = Products;
			sourceTree = "<group>";
		};
		A585FBC83008678A008E8BE1 /* Frameworks */ = {
			isa = PBXGroup;
			children = (
				A585FBCB3008678A008E8BE1 /* SwiftUI.framework */,
				A585FBC93008678A008E8BE1 /* WidgetKit.framework */,
			);
			name = Frameworks;
			sourceTree = "<group>";
		};
		A5AB68802FF8CE9C004396CD /* Components */ = {
			isa = PBXGroup;
			children = (
				A5A491BB3071B811001B07A1 /* WidgetBridge.swift */,
				A5B90C0D3010266B0081F533 /* AuthedAsyncImage.swift */,
				A555A87F3007DABA0026B8B9 /* AwardCelebrationView.swift */,
				FF1000300000000000000000 /* AwardEngine.swift */,
				A524017E30708B01004524F5 /* CameraPicker.swift */,
				A524018D30709265004524F5 /* DemoMotion.swift */,
				A524019F3070A9FF004524F5 /* EffortEstimator.swift */,
				A5AB687B2FF8CE9C004396CD /* ExerciseHistoryView.swift */,
				A52401A03070A9FF004524F5 /* HealthActivityReader.swift */,
				A555A88530082C930026B8B9 /* HealthKitManager.swift */,
				A5AB687C2FF8CE9C004396CD /* InlineRestButton.swift */,
				A5F6678530717881005E9580 /* LiveSessionController.swift */,
				A524019B3070A9D7004524F5 /* MacroPlanStore.swift */,
				A5AB687D2FF8CE9C004396CD /* MetallicText.swift */,
				A5AB687E2FF8CE9C004396CD /* NavTray.swift */,
				A555A8813007DAC10026B8B9 /* PRCelebrationView.swift */,
				FF1000500000000000000000 /* ProgressEngine.swift */,
				A5AB687F2FF8CE9C004396CD /* RestTimerEngine.swift */,
				A52401A53070BA62004524F5 /* ServerSync.swift */,
				A524018330708D0C004524F5 /* SetMotion.swift */,
				A524018430708D0C004524F5 /* SetMotionStore.swift */,
				A5240193307099F8004524F5 /* ShareLog.swift */,
				FF1000600000000000000000 /* SocialShare.swift */,
				A524018E30709265004524F5 /* StatsEngine.swift */,
				A52E98FA3001CCF3002EFD8C /* SupplementEngine.swift */,
				A52401993070A9C1004524F5 /* TrainingWeek.swift */,
				A5D3C0342FFC4A6100F53A37 /* VideoCompressor.swift */,
				A585FB8C300865DF008E8BE1 /* WatchBridge.swift */,
			);
			path = Components;
			sourceTree = "<group>";
		};
		A5AB68822FF8CE9C004396CD /* Models */ = {
			isa = PBXGroup;
			children = (
				FF1000000000000000000000 /* Awards.swift */,
				A5AB68812FF8CE9C004396CD /* Models.swift */,
				A52E98F83001CCDE002EFD8C /* Supplements.swift */,
				FF1000100000000000000000 /* TrainerModels.swift */,
			);
			path = Models;
			sourceTree = "<group>";
		};
		A5AB688D2FF8CE9C004396CD /* Screens */ = {
			isa = PBXGroup;
			children = (
				A524019D3070A9EF004524F5 /* ActivityLogSheet.swift */,
				FF1000700000000000000000 /* AwardsView.swift */,
				A5DC6C553068A1D10077FFCD /* CameraPicker.swift */,
				A5AB68832FF8CE9C004396CD /* ChatView.swift */,
				A5D04AB7300EED4B0051D2DF /* CheckInFlow.swift */,
				A52401A93070C048004524F5 /* CoachClientTabs.swift */,
				A52401A73070C039004524F5 /* CoachKit.swift */,
				A5AB68842FF8CE9C004396CD /* DashboardView.swift */,
				A5B90C0F301026D20081F533 /* FullScreenPhotoView.swift */,
				A5AB68852FF8CE9C004396CD /* HistoryView.swift */,
				A5AB68862FF8CE9C004396CD /* LoginView.swift */,
				A5AB68872FF8CE9C004396CD /* MacrosView.swift */,
				A52401A33070AB4C004524F5 /* PhotoCompare.swift */,
				A5AB68882FF8CE9C004396CD /* ProgressScreens.swift */,
				A5AB68892FF8CE9C004396CD /* SetPasswordView.swift */,
				A50F8B80301454C7004ED65A /* SettingsView.swift */,
				A524018730708F8B004524F5 /* ShareCameraView.swift */,
				A5AB688A2FF8CE9C004396CD /* ShareView.swift */,
				A5AB688B2FF8CE9C004396CD /* SplashView.swift */,
				A5240191307099F1004524F5 /* StatsCalendar.swift */,
				A524018930709247004524F5 /* StatsDetailView.swift */,
				A524018A30709247004524F5 /* StatsView.swift */,
				A52E98FC3001CCFC002EFD8C /* SupplementsView.swift */,
				FF1000800000000000000000 /* TrainerClientView.swift */,
				FF1000900000000000000000 /* TrainerSections.swift */,
				A5B90C0B300FF81F0081F533 /* TrainerShareView.swift */,
				FF1001000000000000000000 /* TrainerShell.swift */,
				A5DC6C563068A1D10077FFCD /* TrainerWorkoutsView.swift */,
				A52401973070A276004524F5 /* WorkoutSessionView.swift */,
				A5AB688C2FF8CE9C004396CD /* WorkoutsView.swift */,
			);
			path = Screens;
			sourceTree = "<group>";
		};
		A5AB688F2FF8CE9C004396CD /* Theme */ = {
			isa = PBXGroup;
			children = (
				A5AB688E2FF8CE9C004396CD /* Theme.swift */,
				A52401953070A0D6004524F5 /* DesignSystem.swift */,
			);
			path = Theme;
			sourceTree = "<group>";
		};
/* End PBXGroup section */

/* Begin PBXNativeTarget section */
		000000000000000100000000 /* BigScherlyTraining */ = {
			isa = PBXNativeTarget;
			buildConfigurationList = 000000000000000110000000 /* Build configuration list for PBXNativeTarget "BigScherlyTraining" */;
			buildPhases = (
				000000000000000120000000 /* Sources */,
				000000000000000130000000 /* Frameworks */,
				000000000000000140000000 /* Resources */,
				A585FBB430086679008E8BE1 /* Embed Watch Content */,
				A5F6673130717257005E9580 /* Embed Foundation Extensions */,
			);
			buildRules = (
			);
			dependencies = (
				A585FBAF30086679008E8BE1 /* PBXTargetDependency */,
				A5F6672F30717257005E9580 /* PBXTargetDependency */,
			);
			fileSystemSynchronizedGroups = (
				A5976F962FF829630088A450 /* BigScherlyTraining */,
			);
			name = BigScherlyTraining;
			productName = MyApp;
			productReference = 000000000000000000000120 /* BigScherlyTraining.app */;
			productType = "com.apple.product-type.application";
		};
		A585FB9130086678008E8BE1 /* BigScherlyWatch Watch App */ = {
			isa = PBXNativeTarget;
			buildConfigurationList = A585FBB130086679008E8BE1 /* Build configuration list for PBXNativeTarget "BigScherlyWatch Watch App" */;
			buildPhases = (
				A585FB8E30086678008E8BE1 /* Sources */,
				A585FB8F30086678008E8BE1 /* Frameworks */,
				A585FB9030086678008E8BE1 /* Resources */,
				A585FBDC3008678B008E8BE1 /* Embed Foundation Extensions */,
			);
			buildRules = (
			);
			dependencies = (
				A585FBD63008678B008E8BE1 /* PBXTargetDependency */,
			);
			fileSystemSynchronizedGroups = (
				A585FB9330086678008E8BE1 /* BigScherlyWatch Watch App */,
			);
			name = "BigScherlyWatch Watch App";
			productName = "BigScherlyWatch Watch App";
			productReference = A585FB9230086678008E8BE1 /* BigScherlyWatch Watch App.app */;
			productType = "com.apple.product-type.application";
		};
		A585FB9D30086678008E8BE1 /* BigScherlyWatch Watch AppTests */ = {
			isa = PBXNativeTarget;
			buildConfigurationList = A585FBB530086679008E8BE1 /* Build configuration list for PBXNativeTarget "BigScherlyWatch Watch AppTests" */;
			buildPhases = (
				A585FB9A30086678008E8BE1 /* Sources */,
				A585FB9B30086678008E8BE1 /* Frameworks */,
				A585FB9C30086678008E8BE1 /* Resources */,
			);
			buildRules = (
			);
			dependencies = (
				A585FBA030086678008E8BE1 /* PBXTargetDependency */,
			);
			name = "BigScherlyWatch Watch AppTests";
			productName = "BigScherlyWatch Watch AppTests";
			productReference = A5B356D33015759500FD7182 /* BigScherlyWatch Watch AppTests.xctest */;
			productType = "com.apple.product-type.bundle.unit-test";
		};
		A585FBA730086679008E8BE1 /* BigScherlyWatch Watch AppUITests */ = {
			isa = PBXNativeTarget;
			buildConfigurationList = A585FBB830086679008E8BE1 /* Build configuration list for PBXNativeTarget "BigScherlyWatch Watch AppUITests" */;
			buildPhases = (
				A585FBA430086679008E8BE1 /* Sources */,
				A585FBA530086679008E8BE1 /* Frameworks */,
				A585FBA630086679008E8BE1 /* Resources */,
			);
			buildRules = (
			);
			dependencies = (
				A585FBAA30086679008E8BE1 /* PBXTargetDependency */,
			);
			name = "BigScherlyWatch Watch AppUITests";
			productName = "BigScherlyWatch Watch AppUITests";
			productReference = A5B356D43015759500FD7182 /* BigScherlyWatch Watch AppUITests.xctest */;
			productType = "com.apple.product-type.bundle.ui-testing";
		};
		A585FBC63008678A008E8BE1 /* BSTComplicationExtension */ = {
			isa = PBXNativeTarget;
			buildConfigurationList = A585FBD93008678B008E8BE1 /* Build configuration list for PBXNativeTarget "BSTComplicationExtension" */;
			buildPhases = (
				A585FBC33008678A008E8BE1 /* Sources */,
				A585FBC43008678A008E8BE1 /* Frameworks */,
				A585FBC53008678A008E8BE1 /* Resources */,
			);
			buildRules = (
			);
			fileSystemSynchronizedGroups = (
				A585FBCD3008678A008E8BE1 /* BSTComplication */,
			);
			name = BSTComplicationExtension;
			productName = BSTComplicationExtension;
			productReference = A585FBC73008678A008E8BE1 /* BSTComplicationExtension.appex */;
			productType = "com.apple.product-type.app-extension";
		};
		A5F6672030717255005E9580 /* BigScherlyWidgetsExtension */ = {
			isa = PBXNativeTarget;
			buildConfigurationList = A5F6673530717257005E9580 /* Build configuration list for PBXNativeTarget "BigScherlyWidgetsExtension" */;
			buildPhases = (
				A5F6671D30717255005E9580 /* Sources */,
				A5F6671E30717255005E9580 /* Frameworks */,
				A5F6671F30717255005E9580 /* Resources */,
			);
			buildRules = (
			);
			fileSystemSynchronizedGroups = (
				A5F6672430717255005E9580 /* BigScherlyWidgets */,
			);
			name = BigScherlyWidgetsExtension;
			productName = BigScherlyWidgetsExtension;
			productReference = A5F6672130717255005E9580 /* BigScherlyWidgetsExtension.appex */;
			productType = "com.apple.product-type.app-extension";
		};
/* End PBXNativeTarget section */

/* Begin PBXProject section */
		000000000000000000000000 /* Project object */ = {
			isa = PBXProject;
			attributes = {
				BuildIndependentTargetsInParallel = 1;
				LastSwiftUpdateCheck = 2700;
				LastUpgradeCheck = 2700;
				TargetAttributes = {
					000000000000000100000000 = {
						CreatedOnToolsVersion = 26.3;
					};
					A585FB9130086678008E8BE1 = {
						CreatedOnToolsVersion = 27.0;
					};
					A585FB9D30086678008E8BE1 = {
						CreatedOnToolsVersion = 27.0;
						TestTargetID = A585FB9130086678008E8BE1;
					};
					A585FBA730086679008E8BE1 = {
						CreatedOnToolsVersion = 27.0;
						TestTargetID = A585FB9130086678008E8BE1;
					};
					A585FBC63008678A008E8BE1 = {
						CreatedOnToolsVersion = 27.0;
					};
					A5F6672030717255005E9580 = {
						CreatedOnToolsVersion = 27.0;
					};
				};
			};
			buildConfigurationList = 000000000000000010000000 /* Build configuration list for PBXProject "BigScherlyTraining" */;
			developmentRegion = en;
			hasScannedForEncodings = 0;
			knownRegions = (
				en,
				Base,
			);
			mainGroup = 000000000000000000000001;
			minimizedProjectReferenceProxies = 1;
			preferredProjectObjectVersion = 90;
			productRefGroup = 000000000000000000000020 /* Products */;
			projectDirPath = "";
			projectRoot = "";
			targets = (
				000000000000000100000000 /* BigScherlyTraining */,
				A585FB9130086678008E8BE1 /* BigScherlyWatch Watch App */,
				A585FB9D30086678008E8BE1 /* BigScherlyWatch Watch AppTests */,
				A585FBA730086679008E8BE1 /* BigScherlyWatch Watch AppUITests */,
				A585FBC63008678A008E8BE1 /* BSTComplicationExtension */,
				A5F6672030717255005E9580 /* BigScherlyWidgetsExtension */,
			);
		};
/* End PBXProject section */

/* Begin PBXResourcesBuildPhase section */
		000000000000000140000000 /* Resources */ = {
			isa = PBXResourcesBuildPhase;
			files = (
				A5976FB32FF82FC20088A450 /* bell.caf in Resources */,
				A5976FB42FF82FC20088A450 /* bell.mp3 in Resources */,
			);
		};
		A585FB9030086678008E8BE1 /* Resources */ = {
			isa = PBXResourcesBuildPhase;
			files = (
			);
		};
		A585FB9C30086678008E8BE1 /* Resources */ = {
			isa = PBXResourcesBuildPhase;
			files = (
			);
		};
		A585FBA630086679008E8BE1 /* Resources */ = {
			isa = PBXResourcesBuildPhase;
			files = (
			);
		};
		A585FBC53008678A008E8BE1 /* Resources */ = {
			isa = PBXResourcesBuildPhase;
			files = (
			);
		};
		A5F6671F30717255005E9580 /* Resources */ = {
			isa = PBXResourcesBuildPhase;
			files = (
			);
		};
/* End PBXResourcesBuildPhase section */

/* Begin PBXSourcesBuildPhase section */
		000000000000000120000000 /* Sources */ = {
			isa = PBXSourcesBuildPhase;
			files = (
				A52401963070A0D6004524F5 /* DesignSystem.swift in Sources */,
				FF2000000000000000000000 /* Awards.swift in Sources */,
				A524018B30709247004524F5 /* StatsView.swift in Sources */,
				A524018C30709247004524F5 /* StatsDetailView.swift in Sources */,
				A5B90C0E3010266B0081F533 /* AuthedAsyncImage.swift in Sources */,
				A524019A3070A9C1004524F5 /* TrainingWeek.swift in Sources */,
				A52401A83070C039004524F5 /* CoachKit.swift in Sources */,
				A524018830708F8B004524F5 /* ShareCameraView.swift in Sources */,
				A5DC6C573068A1D10077FFCD /* TrainerWorkoutsView.swift in Sources */,
				FF2000100000000000000000 /* TrainerModels.swift in Sources */,
				FF2000300000000000000000 /* AwardEngine.swift in Sources */,
				A52401983070A276004524F5 /* WorkoutSessionView.swift in Sources */,
				A52401A43070AB4C004524F5 /* PhotoCompare.swift in Sources */,
				FF2000500000000000000000 /* ProgressEngine.swift in Sources */,
				FF2000600000000000000000 /* SocialShare.swift in Sources */,
				FF2000700000000000000000 /* AwardsView.swift in Sources */,
				A52401A63070BA62004524F5 /* ServerSync.swift in Sources */,
				FF2000800000000000000000 /* TrainerClientView.swift in Sources */,
				A52401A13070A9FF004524F5 /* EffortEstimator.swift in Sources */,
				A52401A23070A9FF004524F5 /* HealthActivityReader.swift in Sources */,
				A585FB8D300865DF008E8BE1 /* WatchBridge.swift in Sources */,
				FF2000900000000000000000 /* TrainerSections.swift in Sources */,
				A5D04AB8300EED4B0051D2DF /* CheckInFlow.swift in Sources */,
				FF2001000000000000000000 /* TrainerShell.swift in Sources */,
				A5AB68902FF8CE9C004396CD /* LoginView.swift in Sources */,
				A5AB68912FF8CE9C004396CD /* HistoryView.swift in Sources */,
				A5AB68922FF8CE9C004396CD /* ShareView.swift in Sources */,
				A5B90C0C300FF81F0081F533 /* TrainerShareView.swift in Sources */,
				A5B90C10301026D20081F533 /* FullScreenPhotoView.swift in Sources */,
				A5AB68932FF8CE9C004396CD /* ProgressScreens.swift in Sources */,
				A52E98F93001CCDE002EFD8C /* Supplements.swift in Sources */,
				A5AB68942FF8CE9C004396CD /* MetallicText.swift in Sources */,
				A524019E3070A9EF004524F5 /* ActivityLogSheet.swift in Sources */,
				A52E98FD3001CCFC002EFD8C /* SupplementsView.swift in Sources */,
				A5AB68952FF8CE9C004396CD /* InlineRestButton.swift in Sources */,
				A555A88630082C930026B8B9 /* HealthKitManager.swift in Sources */,
				A5AB68962FF8CE9C004396CD /* RestTimerEngine.swift in Sources */,
				A5AB68972FF8CE9C004396CD /* Theme.swift in Sources */,
				A5AB68982FF8CE9C004396CD /* NavTray.swift in Sources */,
				A52401AA3070C048004524F5 /* CoachClientTabs.swift in Sources */,
				A5AB68992FF8CE9C004396CD /* ChatView.swift in Sources */,
				A5AB689A2FF8CE9C004396CD /* SplashView.swift in Sources */,
				A5AB689B2FF8CE9C004396CD /* MacrosView.swift in Sources */,
				A524018F30709265004524F5 /* DemoMotion.swift in Sources */,
				A524019C3070A9D7004524F5 /* MacroPlanStore.swift in Sources */,
				A524019030709265004524F5 /* StatsEngine.swift in Sources */,
				A50F8B81301454C7004ED65A /* SettingsView.swift in Sources */,
				A52E98FB3001CCF3002EFD8C /* SupplementEngine.swift in Sources */,
				A5AB689C2FF8CE9C004396CD /* WorkoutsView.swift in Sources */,
				A5AB689D2FF8CE9C004396CD /* ExerciseHistoryView.swift in Sources */,
				A5A491BC3071B811001B07A1 /* WidgetBridge.swift in Sources */,
				A5AB689E2FF8CE9C004396CD /* Models.swift in Sources */,
				A5D3C0352FFC4A6100F53A37 /* VideoCompressor.swift in Sources */,
				A5AB689F2FF8CE9C004396CD /* SetPasswordView.swift in Sources */,
				A5240194307099F8004524F5 /* ShareLog.swift in Sources */,
				A524017F30708B01004524F5 /* CameraPicker.swift in Sources */,
				A5240192307099F1004524F5 /* StatsCalendar.swift in Sources */,
				A524018530708D0C004524F5 /* SetMotion.swift in Sources */,
				A524018630708D0C004524F5 /* SetMotionStore.swift in Sources */,
				A5F66787307178EE005E9580 /* LiveSessionController.swift in Sources */,
				A5AB68A02FF8CE9C004396CD /* DashboardView.swift in Sources */,
				A555A8803007DABA0026B8B9 /* AwardCelebrationView.swift in Sources */,
				A555A8823007DAC10026B8B9 /* PRCelebrationView.swift in Sources */,
			);
		};
		A585FB8E30086678008E8BE1 /* Sources */ = {
			isa = PBXSourcesBuildPhase;
			files = (
			);
		};
		A585FB9A30086678008E8BE1 /* Sources */ = {
			isa = PBXSourcesBuildPhase;
			files = (
			);
		};
		A585FBA430086679008E8BE1 /* Sources */ = {
			isa = PBXSourcesBuildPhase;
			files = (
			);
		};
		A585FBC33008678A008E8BE1 /* Sources */ = {
			isa = PBXSourcesBuildPhase;
			files = (
			);
		};
		A5F6671D30717255005E9580 /* Sources */ = {
			isa = PBXSourcesBuildPhase;
			files = (
			);
		};
/* End PBXSourcesBuildPhase section */

/* Begin PBXTargetDependency section */
		A585FBA030086678008E8BE1 /* PBXTargetDependency */ = {
			isa = PBXTargetDependency;
			target = A585FB9130086678008E8BE1 /* BigScherlyWatch Watch App */;
			targetProxy = A585FB9F30086678008E8BE1 /* PBXContainerItemProxy */;
		};
		A585FBAA30086679008E8BE1 /* PBXTargetDependency */ = {
			isa = PBXTargetDependency;
			target = A585FB9130086678008E8BE1 /* BigScherlyWatch Watch App */;
			targetProxy = A585FBA930086679008E8BE1 /* PBXContainerItemProxy */;
		};
		A585FBAF30086679008E8BE1 /* PBXTargetDependency */ = {
			isa = PBXTargetDependency;
			target = A585FB9130086678008E8BE1 /* BigScherlyWatch Watch App */;
			targetProxy = A585FBAE30086679008E8BE1 /* PBXContainerItemProxy */;
		};
		A585FBD63008678B008E8BE1 /* PBXTargetDependency */ = {
			isa = PBXTargetDependency;
			target = A585FBC63008678A008E8BE1 /* BSTComplicationExtension */;
			targetProxy = A585FBD53008678B008E8BE1 /* PBXContainerItemProxy */;
		};
		A5F6672F30717257005E9580 /* PBXTargetDependency */ = {
			isa = PBXTargetDependency;
			target = A5F6672030717255005E9580 /* BigScherlyWidgetsExtension */;
			targetProxy = A5F6672E30717257005E9580 /* PBXContainerItemProxy */;
		};
/* End PBXTargetDependency section */

/* Begin XCBuildConfiguration section */
		000000000000000011000000 /* Debug configuration for PBXProject "BigScherlyTraining" */ = {
			isa = XCBuildConfiguration;
			buildSettings = {
				ALWAYS_SEARCH_USER_PATHS = NO;
				APPLETVOS_DEPLOYMENT_TARGET = 27.0;
				ASSETCATALOG_COMPILER_GENERATE_SWIFT_ASSET_SYMBOL_EXTENSIONS = YES;
				CLANG_ANALYZER_NONNULL = YES;
				CLANG_ANALYZER_NUMBER_OBJECT_CONVERSION = YES_AGGRESSIVE;
				CLANG_CXX_LANGUAGE_STANDARD = "gnu++20";
				CLANG_ENABLE_MODULES = YES;
				CLANG_ENABLE_OBJC_ARC = YES;
				CLANG_ENABLE_OBJC_WEAK = YES;
				CLANG_WARN_BLOCK_CAPTURE_AUTORELEASING = YES;
				CLANG_WARN_BOOL_CONVERSION = YES;
				CLANG_WARN_COMMA = YES;
				CLANG_WARN_CONSTANT_CONVERSION = YES;
				CLANG_WARN_DEPRECATED_OBJC_IMPLEMENTATIONS = YES;
				CLANG_WARN_DIRECT_OBJC_ISA_USAGE = YES_ERROR;
				CLANG_WARN_DOCUMENTATION_COMMENTS = YES;
				CLANG_WARN_EMPTY_BODY = YES;
				CLANG_WARN_ENUM_CONVERSION = YES;
				CLANG_WARN_INFINITE_RECURSION = YES;
				CLANG_WARN_INT_CONVERSION = YES;
				CLANG_WARN_NON_LITERAL_NULL_CONVERSION = YES;
				CLANG_WARN_OBJC_IMPLICIT_RETAIN_SELF = YES;
				CLANG_WARN_OBJC_LITERAL_CONVERSION = YES;
				CLANG_WARN_OBJC_ROOT_CLASS = YES_ERROR;
				CLANG_WARN_QUOTED_INCLUDE_IN_FRAMEWORK_HEADER = YES;
				CLANG_WARN_RANGE_LOOP_ANALYSIS = YES;
				CLANG_WARN_STRICT_PROTOTYPES = YES;
				CLANG_WARN_SUSPICIOUS_MOVE = YES;
				CLANG_WARN_UNGUARDED_AVAILABILITY = YES_AGGRESSIVE;
				CLANG_WARN_UNREACHABLE_CODE = YES;
				CLANG_WARN__DUPLICATE_METHOD_MATCH = YES;
				COPY_PHASE_STRIP = NO;
				DEAD_CODE_STRIPPING = YES;
				DEBUG_INFORMATION_FORMAT = dwarf;
				DRIVERKIT_DEPLOYMENT_TARGET = 27.0;
				ENABLE_STRICT_OBJC_MSGSEND = YES;
				ENABLE_TESTABILITY = YES;
				ENABLE_USER_SCRIPT_SANDBOXING = YES;
				GCC_C_LANGUAGE_STANDARD = gnu17;
				GCC_DYNAMIC_NO_PIC = NO;
				GCC_NO_COMMON_BLOCKS = YES;
				GCC_OPTIMIZATION_LEVEL = 0;
				GCC_PREPROCESSOR_DEFINITIONS = (
					"DEBUG=1",
					"$(inherited)",
				);
				GCC_WARN_64_TO_32_BIT_CONVERSION = YES;
				GCC_WARN_ABOUT_RETURN_TYPE = YES_ERROR;
				GCC_WARN_UNDECLARED_SELECTOR = YES;
				GCC_WARN_UNINITIALIZED_AUTOS = YES_AGGRESSIVE;
				GCC_WARN_UNUSED_FUNCTION = YES;
				GCC_WARN_UNUSED_VARIABLE = YES;
				IPHONEOS_DEPLOYMENT_TARGET = 27.0;
				LOCALIZATION_PREFERS_STRING_CATALOGS = YES;
				MACOSX_DEPLOYMENT_TARGET = 27.0;
				MTL_ENABLE_DEBUG_INFO = INCLUDE_SOURCE;
				MTL_FAST_MATH = YES;
				ONLY_ACTIVE_ARCH = YES;
				PROJECT_UNIQUE_VALUE = J74F896S;
				STRING_CATALOG_GENERATE_SYMBOLS = YES;
				SWIFT_ACTIVE_COMPILATION_CONDITIONS = "DEBUG $(inherited)";
				SWIFT_OPTIMIZATION_LEVEL = "-Onone";
				WATCHOS_DEPLOYMENT_TARGET = 27.0;
				XROS_DEPLOYMENT_TARGET = 27.0;
			};
			name = Debug;
		};
		000000000000000012000000 /* Release configuration for PBXProject "BigScherlyTraining" */ = {
			isa = XCBuildConfiguration;
			buildSettings = {
				ALWAYS_SEARCH_USER_PATHS = NO;
				APPLETVOS_DEPLOYMENT_TARGET = 27.0;
				ASSETCATALOG_COMPILER_GENERATE_SWIFT_ASSET_SYMBOL_EXTENSIONS = YES;
				CLANG_ANALYZER_NONNULL = YES;
				CLANG_ANALYZER_NUMBER_OBJECT_CONVERSION = YES_AGGRESSIVE;
				CLANG_CXX_LANGUAGE_STANDARD = "gnu++20";
				CLANG_ENABLE_MODULES = YES;
				CLANG_ENABLE_OBJC_ARC = YES;
				CLANG_ENABLE_OBJC_WEAK = YES;
				CLANG_WARN_BLOCK_CAPTURE_AUTORELEASING = YES;
				CLANG_WARN_BOOL_CONVERSION = YES;
				CLANG_WARN_COMMA = YES;
				CLANG_WARN_CONSTANT_CONVERSION = YES;
				CLANG_WARN_DEPRECATED_OBJC_IMPLEMENTATIONS = YES;
				CLANG_WARN_DIRECT_OBJC_ISA_USAGE = YES_ERROR;
				CLANG_WARN_DOCUMENTATION_COMMENTS = YES;
				CLANG_WARN_EMPTY_BODY = YES;
				CLANG_WARN_ENUM_CONVERSION = YES;
				CLANG_WARN_INFINITE_RECURSION = YES;
				CLANG_WARN_INT_CONVERSION = YES;
				CLANG_WARN_NON_LITERAL_NULL_CONVERSION = YES;
				CLANG_WARN_OBJC_IMPLICIT_RETAIN_SELF = YES;
				CLANG_WARN_OBJC_LITERAL_CONVERSION = YES;
				CLANG_WARN_OBJC_ROOT_CLASS = YES_ERROR;
				CLANG_WARN_QUOTED_INCLUDE_IN_FRAMEWORK_HEADER = YES;
				CLANG_WARN_RANGE_LOOP_ANALYSIS = YES;
				CLANG_WARN_STRICT_PROTOTYPES = YES;
				CLANG_WARN_SUSPICIOUS_MOVE = YES;
				CLANG_WARN_UNGUARDED_AVAILABILITY = YES_AGGRESSIVE;
				CLANG_WARN_UNREACHABLE_CODE = YES;
				CLANG_WARN__DUPLICATE_METHOD_MATCH = YES;
				COPY_PHASE_STRIP = NO;
				DEAD_CODE_STRIPPING = YES;
				DEBUG_INFORMATION_FORMAT = "dwarf-with-dsym";
				DRIVERKIT_DEPLOYMENT_TARGET = 27.0;
				ENABLE_NS_ASSERTIONS = NO;
				ENABLE_STRICT_OBJC_MSGSEND = YES;
				ENABLE_USER_SCRIPT_SANDBOXING = YES;
				GCC_C_LANGUAGE_STANDARD = gnu17;
				GCC_NO_COMMON_BLOCKS = YES;
				GCC_WARN_64_TO_32_BIT_CONVERSION = YES;
				GCC_WARN_ABOUT_RETURN_TYPE = YES_ERROR;
				GCC_WARN_UNDECLARED_SELECTOR = YES;
				GCC_WARN_UNINITIALIZED_AUTOS = YES_AGGRESSIVE;
				GCC_WARN_UNUSED_FUNCTION = YES;
				GCC_WARN_UNUSED_VARIABLE = YES;
				IPHONEOS_DEPLOYMENT_TARGET = 27.0;
				LOCALIZATION_PREFERS_STRING_CATALOGS = YES;
				MACOSX_DEPLOYMENT_TARGET = 27.0;
				MTL_ENABLE_DEBUG_INFO = NO;
				MTL_FAST_MATH = YES;
				PROJECT_UNIQUE_VALUE = J74F896S;
				STRING_CATALOG_GENERATE_SYMBOLS = YES;
				SWIFT_COMPILATION_MODE = wholemodule;
				WATCHOS_DEPLOYMENT_TARGET = 27.0;
				XROS_DEPLOYMENT_TARGET = 27.0;
			};
			name = Release;
		};
		000000000000000111000000 /* Debug configuration for PBXNativeTarget "BigScherlyTraining" */ = {
			isa = XCBuildConfiguration;
			buildSettings = {
				ASSETCATALOG_COMPILER_APPICON_NAME = AppIcon;
				ASSETCATALOG_COMPILER_INCLUDE_ALL_APPICON_ASSETS = YES;
				CODE_SIGN_ENTITLEMENTS = BigScherlyTraining/BigScherlyTraining.entitlements;
				CODE_SIGN_IDENTITY = "Apple Development";
				CODE_SIGN_STYLE = Automatic;
				CURRENT_PROJECT_VERSION = 1;
				DEVELOPMENT_TEAM = ANCC8575Z3;
				ENABLE_APP_SANDBOX = YES;
				ENABLE_PREVIEWS = YES;
				ENABLE_USER_SELECTED_FILES = readonly;
				GENERATE_INFOPLIST_FILE = YES;
				INFOPLIST_FILE = BigScherlyTraining/Info.plist;
				INFOPLIST_KEY_CFBundleDisplayName = "Big Scherly Training";
				INFOPLIST_KEY_LSApplicationCategoryType = "public.app-category.healthcare-fitness";
				INFOPLIST_KEY_NSHealthShareUsageDescription = "Big Scherly Training reads your heart rate, active energy, and body weight from Apple Health so it can show what your body did during each workout and share that with your coach.";
				"INFOPLIST_KEY_UIApplicationSceneManifest_Generation[sdk=iphoneos*]" = YES;
				"INFOPLIST_KEY_UIApplicationSceneManifest_Generation[sdk=iphonesimulator*]" = YES;
				"INFOPLIST_KEY_UIApplicationSupportsIndirectInputEvents[sdk=iphoneos*]" = YES;
				"INFOPLIST_KEY_UIApplicationSupportsIndirectInputEvents[sdk=iphonesimulator*]" = YES;
				"INFOPLIST_KEY_UILaunchScreen_Generation[sdk=iphoneos*]" = YES;
				"INFOPLIST_KEY_UILaunchScreen_Generation[sdk=iphonesimulator*]" = YES;
				INFOPLIST_KEY_UILaunchStoryboardName = "";
				"INFOPLIST_KEY_UIStatusBarStyle[sdk=iphoneos*]" = UIStatusBarStyleDefault;
				"INFOPLIST_KEY_UIStatusBarStyle[sdk=iphonesimulator*]" = UIStatusBarStyleDefault;
				INFOPLIST_KEY_UISupportedInterfaceOrientations = UIInterfaceOrientationPortrait;
				INFOPLIST_KEY_UISupportedInterfaceOrientations_iPad = "UIInterfaceOrientationLandscapeLeft UIInterfaceOrientationLandscapeRight UIInterfaceOrientationPortrait UIInterfaceOrientationPortraitUpsideDown";
				INFOPLIST_KEY_WKCompanionAppBundleIdentifier = "";
				"INFOPLIST_KEY_WKCompanionAppBundleIdentifier[sdk=*]" = "";
				IPHONEOS_DEPLOYMENT_TARGET = 18.6;
				LD_RUNPATH_SEARCH_PATHS = "@executable_path/Frameworks";
				"LD_RUNPATH_SEARCH_PATHS[sdk=macosx*]" = "@executable_path/../Frameworks";
				MARKETING_VERSION = 2.0;
				PRODUCT_BUNDLE_IDENTIFIER = com.bigscherlytraining.app;
				PRODUCT_NAME = "$(TARGET_NAME)";
				PROVISIONING_PROFILE_SPECIFIER = "";
				REGISTER_APP_GROUPS = YES;
				SDKROOT = auto;
				STRING_CATALOG_GENERATE_SYMBOLS = YES;
				SUPPORTED_PLATFORMS = "iphoneos iphonesimulator";
				SUPPORTS_MACCATALYST = NO;
				SWIFT_APPROACHABLE_CONCURRENCY = YES;
				SWIFT_DEFAULT_ACTOR_ISOLATION = MainActor;
				SWIFT_EMIT_LOC_STRINGS = YES;
				SWIFT_UPCOMING_FEATURE_MEMBER_IMPORT_VISIBILITY = YES;
				SWIFT_VERSION = 5.0;
				TARGETED_DEVICE_FAMILY = 1;
				a = "";
			};
			name = Debug;
		};
		000000000000000112000000 /* Release configuration for PBXNativeTarget "BigScherlyTraining" */ = {
			isa = XCBuildConfiguration;
			buildSettings = {
				ASSETCATALOG_COMPILER_APPICON_NAME = AppIcon;
				ASSETCATALOG_COMPILER_INCLUDE_ALL_APPICON_ASSETS = YES;
				CODE_SIGN_ENTITLEMENTS = BigScherlyTraining/BigScherlyTraining.entitlements;
				CODE_SIGN_IDENTITY = "Apple Development";
				CODE_SIGN_STYLE = Automatic;
				CURRENT_PROJECT_VERSION = 1;
				DEVELOPMENT_TEAM = ANCC8575Z3;
				ENABLE_APP_SANDBOX = YES;
				ENABLE_PREVIEWS = YES;
				ENABLE_USER_SELECTED_FILES = readonly;
				GENERATE_INFOPLIST_FILE = YES;
				INFOPLIST_FILE = BigScherlyTraining/Info.plist;
				INFOPLIST_KEY_CFBundleDisplayName = "Big Scherly Training";
				INFOPLIST_KEY_LSApplicationCategoryType = "public.app-category.healthcare-fitness";
				INFOPLIST_KEY_NSHealthShareUsageDescription = "Big Scherly Training reads your heart rate, active energy, and body weight from Apple Health so it can show what your body did during each workout and share that with your coach.";
				"INFOPLIST_KEY_UIApplicationSceneManifest_Generation[sdk=iphoneos*]" = YES;
				"INFOPLIST_KEY_UIApplicationSceneManifest_Generation[sdk=iphonesimulator*]" = YES;
				"INFOPLIST_KEY_UIApplicationSupportsIndirectInputEvents[sdk=iphoneos*]" = YES;
				"INFOPLIST_KEY_UIApplicationSupportsIndirectInputEvents[sdk=iphonesimulator*]" = YES;
				"INFOPLIST_KEY_UILaunchScreen_Generation[sdk=iphoneos*]" = YES;
				"INFOPLIST_KEY_UILaunchScreen_Generation[sdk=iphonesimulator*]" = YES;
				INFOPLIST_KEY_UILaunchStoryboardName = "";
				"INFOPLIST_KEY_UIStatusBarStyle[sdk=iphoneos*]" = UIStatusBarStyleDefault;
				"INFOPLIST_KEY_UIStatusBarStyle[sdk=iphonesimulator*]" = UIStatusBarStyleDefault;
				INFOPLIST_KEY_UISupportedInterfaceOrientations = UIInterfaceOrientationPortrait;
				INFOPLIST_KEY_UISupportedInterfaceOrientations_iPad = "UIInterfaceOrientationLandscapeLeft UIInterfaceOrientationLandscapeRight UIInterfaceOrientationPortrait UIInterfaceOrientationPortraitUpsideDown";
				INFOPLIST_KEY_WKCompanionAppBundleIdentifier = "";
				IPHONEOS_DEPLOYMENT_TARGET = 18.6;
				LD_RUNPATH_SEARCH_PATHS = "@executable_path/Frameworks";
				"LD_RUNPATH_SEARCH_PATHS[sdk=macosx*]" = "@executable_path/../Frameworks";
				MARKETING_VERSION = 2.0;
				PRODUCT_BUNDLE_IDENTIFIER = com.bigscherlytraining.app;
				PRODUCT_NAME = "$(TARGET_NAME)";
				PROVISIONING_PROFILE_SPECIFIER = "";
				REGISTER_APP_GROUPS = YES;
				SDKROOT = auto;
				STRING_CATALOG_GENERATE_SYMBOLS = YES;
				SUPPORTED_PLATFORMS = "iphoneos iphonesimulator";
				SUPPORTS_MACCATALYST = NO;
				SWIFT_APPROACHABLE_CONCURRENCY = YES;
				SWIFT_DEFAULT_ACTOR_ISOLATION = MainActor;
				SWIFT_EMIT_LOC_STRINGS = YES;
				SWIFT_UPCOMING_FEATURE_MEMBER_IMPORT_VISIBILITY = YES;
				SWIFT_VERSION = 5.0;
				TARGETED_DEVICE_FAMILY = 1;
				a = "";
			};
			name = Release;
		};
		A585FBB230086679008E8BE1 /* Debug configuration for PBXNativeTarget "BigScherlyWatch Watch App" */ = {
			isa = XCBuildConfiguration;
			buildSettings = {
				ASSETCATALOG_COMPILER_APPICON_NAME = AppIcon;
				ASSETCATALOG_COMPILER_GLOBAL_ACCENT_COLOR_NAME = AccentColor;
				CODE_SIGN_ENTITLEMENTS = "BigScherlyWatch Watch App/BigScherlyWatch Watch App.entitlements";
				CODE_SIGN_IDENTITY = "Apple Development";
				CODE_SIGN_STYLE = Automatic;
				CURRENT_PROJECT_VERSION = 1;
				DEVELOPMENT_TEAM = ANCC8575Z3;
				ENABLE_PREVIEWS = YES;
				GENERATE_INFOPLIST_FILE = YES;
				INFOPLIST_FILE = "BigScherlyWatch-Watch-App-Info.plist";
				INFOPLIST_KEY_CFBundleDisplayName = BigScherlyWatch;
				INFOPLIST_KEY_NSHealthShareUsageDescription = "Big Scherly Training reads your heart rate during training sessions so you and your coach can see your effort per lift.";
				INFOPLIST_KEY_NSHealthUpdateUsageDescription = "Big Scherly Training saves your training sessions to Apple Health as strength-training workouts.";
				INFOPLIST_KEY_UISupportedInterfaceOrientations = "UIInterfaceOrientationPortrait UIInterfaceOrientationPortraitUpsideDown";
				INFOPLIST_KEY_WKCompanionAppBundleIdentifier = com.bigscherlytraining.app;
				LD_RUNPATH_SEARCH_PATHS = (
					"$(inherited)",
					"@executable_path/Frameworks",
				);
				MARKETING_VERSION = 2.0;
				PRODUCT_BUNDLE_IDENTIFIER = com.bigscherlytraining.app.watchkitapp;
				PRODUCT_NAME = "$(TARGET_NAME)";
				PROVISIONING_PROFILE_SPECIFIER = "";
				REGISTER_APP_GROUPS = YES;
				SDKROOT = watchos;
				SKIP_INSTALL = YES;
				STRING_CATALOG_GENERATE_SYMBOLS = YES;
				SWIFT_APPROACHABLE_CONCURRENCY = YES;
				SWIFT_DEFAULT_ACTOR_ISOLATION = MainActor;
				SWIFT_EMIT_LOC_STRINGS = YES;
				SWIFT_UPCOMING_FEATURE_MEMBER_IMPORT_VISIBILITY = YES;
				SWIFT_VERSION = 5.0;
				TARGETED_DEVICE_FAMILY = 4;
				WATCHOS_DEPLOYMENT_TARGET = 26.5;
			};
			name = Debug;
		};
		A585FBB330086679008E8BE1 /* Release configuration for PBXNativeTarget "BigScherlyWatch Watch App" */ = {
			isa = XCBuildConfiguration;
			buildSettings = {
				ASSETCATALOG_COMPILER_APPICON_NAME = AppIcon;
				ASSETCATALOG_COMPILER_GLOBAL_ACCENT_COLOR_NAME = AccentColor;
				CODE_SIGN_ENTITLEMENTS = "BigScherlyWatch Watch App/BigScherlyWatch Watch App.entitlements";
				CODE_SIGN_IDENTITY = "Apple Development";
				CODE_SIGN_STYLE = Automatic;
				CURRENT_PROJECT_VERSION = 1;
				DEVELOPMENT_TEAM = ANCC8575Z3;
				ENABLE_PREVIEWS = YES;
				GENERATE_INFOPLIST_FILE = YES;
				INFOPLIST_FILE = "BigScherlyWatch-Watch-App-Info.plist";
				INFOPLIST_KEY_CFBundleDisplayName = BigScherlyWatch;
				INFOPLIST_KEY_NSHealthShareUsageDescription = "Big Scherly Training reads your heart rate during training sessions so you and your coach can see your effort per lift.";
				INFOPLIST_KEY_NSHealthUpdateUsageDescription = "Big Scherly Training saves your training sessions to Apple Health as strength-training workouts.";
				INFOPLIST_KEY_UISupportedInterfaceOrientations = "UIInterfaceOrientationPortrait UIInterfaceOrientationPortraitUpsideDown";
				INFOPLIST_KEY_WKCompanionAppBundleIdentifier = com.bigscherlytraining.app;
				LD_RUNPATH_SEARCH_PATHS = (
					"$(inherited)",
					"@executable_path/Frameworks",
				);
				MARKETING_VERSION = 2.0;
				PRODUCT_BUNDLE_IDENTIFIER = com.bigscherlytraining.app.watchkitapp;
				PRODUCT_NAME = "$(TARGET_NAME)";
				PROVISIONING_PROFILE_SPECIFIER = "";
				REGISTER_APP_GROUPS = YES;
				SDKROOT = watchos;
				SKIP_INSTALL = YES;
				STRING_CATALOG_GENERATE_SYMBOLS = YES;
				SWIFT_APPROACHABLE_CONCURRENCY = YES;
				SWIFT_DEFAULT_ACTOR_ISOLATION = MainActor;
				SWIFT_EMIT_LOC_STRINGS = YES;
				SWIFT_UPCOMING_FEATURE_MEMBER_IMPORT_VISIBILITY = YES;
				SWIFT_VERSION = 5.0;
				TARGETED_DEVICE_FAMILY = 4;
				VALIDATE_PRODUCT = YES;
				WATCHOS_DEPLOYMENT_TARGET = 26.5;
			};
			name = Release;
		};
		A585FBB630086679008E8BE1 /* Debug configuration for PBXNativeTarget "BigScherlyWatch Watch AppTests" */ = {
			isa = XCBuildConfiguration;
			buildSettings = {
				BUNDLE_LOADER = "$(TEST_HOST)";
				CODE_SIGN_STYLE = Automatic;
				CURRENT_PROJECT_VERSION = 1;
				DEVELOPMENT_TEAM = ANCC8575Z3;
				GENERATE_INFOPLIST_FILE = YES;
				INFOPLIST_KEY_WKCompanionAppBundleIdentifier = com.bigscherlytraining.app;
				MARKETING_VERSION = 2.0;
				PRODUCT_BUNDLE_IDENTIFIER = com.bigscherlytraining.app.watchkitapp.bstcomplication;
				PRODUCT_NAME = "$(TARGET_NAME)";
				SDKROOT = watchos;
				STRING_CATALOG_GENERATE_SYMBOLS = NO;
				SWIFT_APPROACHABLE_CONCURRENCY = YES;
				SWIFT_EMIT_LOC_STRINGS = NO;
				SWIFT_UPCOMING_FEATURE_MEMBER_IMPORT_VISIBILITY = YES;
				SWIFT_VERSION = 5.0;
				TARGETED_DEVICE_FAMILY = 4;
				TEST_HOST = "$(BUILT_PRODUCTS_DIR)/BigScherlyWatch Watch App.app/$(BUNDLE_EXECUTABLE_FOLDER_PATH)/BigScherlyWatch Watch App";
				WATCHOS_DEPLOYMENT_TARGET = 27.0;
			};
			name = Debug;
		};
		A585FBB730086679008E8BE1 /* Release configuration for PBXNativeTarget "BigScherlyWatch Watch AppTests" */ = {
			isa = XCBuildConfiguration;
			buildSettings = {
				BUNDLE_LOADER = "$(TEST_HOST)";
				CODE_SIGN_STYLE = Automatic;
				CURRENT_PROJECT_VERSION = 1;
				DEVELOPMENT_TEAM = ANCC8575Z3;
				GENERATE_INFOPLIST_FILE = YES;
				INFOPLIST_KEY_WKCompanionAppBundleIdentifier = com.bigscherlytraining.app;
				MARKETING_VERSION = 2.0;
				PRODUCT_BUNDLE_IDENTIFIER = com.bigscherlytraining.app.watchkitapp.bstcomplication;
				PRODUCT_NAME = "$(TARGET_NAME)";
				SDKROOT = watchos;
				STRING_CATALOG_GENERATE_SYMBOLS = NO;
				SWIFT_APPROACHABLE_CONCURRENCY = YES;
				SWIFT_EMIT_LOC_STRINGS = NO;
				SWIFT_UPCOMING_FEATURE_MEMBER_IMPORT_VISIBILITY = YES;
				SWIFT_VERSION = 5.0;
				TARGETED_DEVICE_FAMILY = 4;
				TEST_HOST = "$(BUILT_PRODUCTS_DIR)/BigScherlyWatch Watch App.app/$(BUNDLE_EXECUTABLE_FOLDER_PATH)/BigScherlyWatch Watch App";
				VALIDATE_PRODUCT = YES;
				WATCHOS_DEPLOYMENT_TARGET = 27.0;
			};
			name = Release;
		};
		A585FBB930086679008E8BE1 /* Debug configuration for PBXNativeTarget "BigScherlyWatch Watch AppUITests" */ = {
			isa = XCBuildConfiguration;
			buildSettings = {
				CODE_SIGN_STYLE = Automatic;
				CURRENT_PROJECT_VERSION = 1;
				GENERATE_INFOPLIST_FILE = YES;
				MARKETING_VERSION = 2.0;
				PRODUCT_BUNDLE_IDENTIFIER = "com.nicholasbowen.bigscherlytraining.watchkitapp.BigScherlyWatch-Watch-AppUITests";
				PRODUCT_NAME = "$(TARGET_NAME)";
				SDKROOT = watchos;
				STRING_CATALOG_GENERATE_SYMBOLS = NO;
				SWIFT_APPROACHABLE_CONCURRENCY = YES;
				SWIFT_EMIT_LOC_STRINGS = NO;
				SWIFT_UPCOMING_FEATURE_MEMBER_IMPORT_VISIBILITY = YES;
				SWIFT_VERSION = 5.0;
				TARGETED_DEVICE_FAMILY = 4;
				TEST_TARGET_NAME = "BigScherlyWatch Watch App";
			};
			name = Debug;
		};
		A585FBBA30086679008E8BE1 /* Release configuration for PBXNativeTarget "BigScherlyWatch Watch AppUITests" */ = {
			isa = XCBuildConfiguration;
			buildSettings = {
				CODE_SIGN_STYLE = Automatic;
				CURRENT_PROJECT_VERSION = 1;
				GENERATE_INFOPLIST_FILE = YES;
				MARKETING_VERSION = 2.0;
				PRODUCT_BUNDLE_IDENTIFIER = "com.nicholasbowen.bigscherlytraining.watchkitapp.BigScherlyWatch-Watch-AppUITests";
				PRODUCT_NAME = "$(TARGET_NAME)";
				SDKROOT = watchos;
				STRING_CATALOG_GENERATE_SYMBOLS = NO;
				SWIFT_APPROACHABLE_CONCURRENCY = YES;
				SWIFT_EMIT_LOC_STRINGS = NO;
				SWIFT_UPCOMING_FEATURE_MEMBER_IMPORT_VISIBILITY = YES;
				SWIFT_VERSION = 5.0;
				TARGETED_DEVICE_FAMILY = 4;
				TEST_TARGET_NAME = "BigScherlyWatch Watch App";
				VALIDATE_PRODUCT = YES;
			};
			name = Release;
		};
		A585FBDA3008678B008E8BE1 /* Debug configuration for PBXNativeTarget "BSTComplicationExtension" */ = {
			isa = XCBuildConfiguration;
			buildSettings = {
				ASSETCATALOG_COMPILER_GLOBAL_ACCENT_COLOR_NAME = AccentColor;
				ASSETCATALOG_COMPILER_WIDGET_BACKGROUND_COLOR_NAME = WidgetBackground;
				CODE_SIGN_ENTITLEMENTS = "";
				CODE_SIGN_STYLE = Automatic;
				CURRENT_PROJECT_VERSION = 1;
				DEVELOPMENT_TEAM = ANCC8575Z3;
				GENERATE_INFOPLIST_FILE = YES;
				INFOPLIST_FILE = BSTComplication/Info.plist;
				INFOPLIST_KEY_CFBundleDisplayName = BSTComplication;
				INFOPLIST_KEY_NSHumanReadableCopyright = "";
				LD_RUNPATH_SEARCH_PATHS = (
					"$(inherited)",
					"@executable_path/Frameworks",
					"@executable_path/../../Frameworks",
					"@executable_path/../../../../Frameworks",
				);
				MARKETING_VERSION = 2.0;
				PRODUCT_BUNDLE_IDENTIFIER = com.bigscherlytraining.app.watchkitapp.bstcomplication;
				PRODUCT_NAME = "$(TARGET_NAME)";
				REGISTER_APP_GROUPS = YES;
				SDKROOT = watchos;
				SKIP_INSTALL = YES;
				STRING_CATALOG_GENERATE_SYMBOLS = YES;
				SWIFT_APPROACHABLE_CONCURRENCY = YES;
				SWIFT_EMIT_LOC_STRINGS = YES;
				SWIFT_UPCOMING_FEATURE_MEMBER_IMPORT_VISIBILITY = YES;
				SWIFT_VERSION = 5.0;
				TARGETED_DEVICE_FAMILY = 4;
				asdXZC = "";
			};
			name = Debug;
		};
		A585FBDB3008678B008E8BE1 /* Release configuration for PBXNativeTarget "BSTComplicationExtension" */ = {
			isa = XCBuildConfiguration;
			buildSettings = {
				ASSETCATALOG_COMPILER_GLOBAL_ACCENT_COLOR_NAME = AccentColor;
				ASSETCATALOG_COMPILER_WIDGET_BACKGROUND_COLOR_NAME = WidgetBackground;
				CODE_SIGN_ENTITLEMENTS = "";
				CODE_SIGN_STYLE = Automatic;
				CURRENT_PROJECT_VERSION = 1;
				DEVELOPMENT_TEAM = ANCC8575Z3;
				GENERATE_INFOPLIST_FILE = YES;
				INFOPLIST_FILE = BSTComplication/Info.plist;
				INFOPLIST_KEY_CFBundleDisplayName = BSTComplication;
				INFOPLIST_KEY_NSHumanReadableCopyright = "";
				LD_RUNPATH_SEARCH_PATHS = (
					"$(inherited)",
					"@executable_path/Frameworks",
					"@executable_path/../../Frameworks",
					"@executable_path/../../../../Frameworks",
				);
				MARKETING_VERSION = 2.0;
				PRODUCT_BUNDLE_IDENTIFIER = com.bigscherlytraining.app.watchkitapp.bstcomplication;
				PRODUCT_NAME = "$(TARGET_NAME)";
				REGISTER_APP_GROUPS = YES;
				SDKROOT = watchos;
				SKIP_INSTALL = YES;
				STRING_CATALOG_GENERATE_SYMBOLS = YES;
				SWIFT_APPROACHABLE_CONCURRENCY = YES;
				SWIFT_EMIT_LOC_STRINGS = YES;
				SWIFT_UPCOMING_FEATURE_MEMBER_IMPORT_VISIBILITY = YES;
				SWIFT_VERSION = 5.0;
				TARGETED_DEVICE_FAMILY = 4;
				VALIDATE_PRODUCT = YES;
				asdXZC = "";
			};
			name = Release;
		};
		A5F6673230717257005E9580 /* Debug configuration for PBXNativeTarget "BigScherlyWidgetsExtension" */ = {
			isa = XCBuildConfiguration;
			buildSettings = {
				ASSETCATALOG_COMPILER_GLOBAL_ACCENT_COLOR_NAME = AccentColor;
				ASSETCATALOG_COMPILER_WIDGET_BACKGROUND_COLOR_NAME = WidgetBackground;
				CODE_SIGN_ENTITLEMENTS = BigScherlyWidgetsExtension.entitlements;
				CODE_SIGN_IDENTITY = "Apple Development";
				CODE_SIGN_STYLE = Automatic;
				CURRENT_PROJECT_VERSION = 1;
				DEVELOPMENT_TEAM = ANCC8575Z3;
				GENERATE_INFOPLIST_FILE = YES;
				INFOPLIST_FILE = BigScherlyWidgets/Info.plist;
				INFOPLIST_KEY_CFBundleDisplayName = BigScherlyWidgets;
				INFOPLIST_KEY_NSHumanReadableCopyright = "";
				IPHONEOS_DEPLOYMENT_TARGET = 18.6;
				LD_RUNPATH_SEARCH_PATHS = (
					"$(inherited)",
					"@executable_path/Frameworks",
					"@executable_path/../../Frameworks",
				);
				MARKETING_VERSION = 2.0;
				PRODUCT_BUNDLE_IDENTIFIER = com.bigscherlytraining.app.BigScherlyWidgets;
				PRODUCT_NAME = "$(TARGET_NAME)";
				REGISTER_APP_GROUPS = YES;
				SDKROOT = iphoneos;
				SKIP_INSTALL = YES;
				STRING_CATALOG_GENERATE_SYMBOLS = YES;
				SWIFT_APPROACHABLE_CONCURRENCY = YES;
				SWIFT_EMIT_LOC_STRINGS = YES;
				SWIFT_UPCOMING_FEATURE_MEMBER_IMPORT_VISIBILITY = YES;
				SWIFT_VERSION = 5.0;
				TARGETED_DEVICE_FAMILY = "1,2";
			};
			name = Debug;
		};
		A5F6673330717257005E9580 /* Release configuration for PBXNativeTarget "BigScherlyWidgetsExtension" */ = {
			isa = XCBuildConfiguration;
			buildSettings = {
				ASSETCATALOG_COMPILER_GLOBAL_ACCENT_COLOR_NAME = AccentColor;
				ASSETCATALOG_COMPILER_WIDGET_BACKGROUND_COLOR_NAME = WidgetBackground;
				CODE_SIGN_ENTITLEMENTS = BigScherlyWidgetsExtension.entitlements;
				CODE_SIGN_IDENTITY = "Apple Development";
				CODE_SIGN_STYLE = Automatic;
				CURRENT_PROJECT_VERSION = 1;
				DEVELOPMENT_TEAM = ANCC8575Z3;
				GENERATE_INFOPLIST_FILE = YES;
				INFOPLIST_FILE = BigScherlyWidgets/Info.plist;
				INFOPLIST_KEY_CFBundleDisplayName = BigScherlyWidgets;
				INFOPLIST_KEY_NSHumanReadableCopyright = "";
				IPHONEOS_DEPLOYMENT_TARGET = 18.6;
				LD_RUNPATH_SEARCH_PATHS = (
					"$(inherited)",
					"@executable_path/Frameworks",
					"@executable_path/../../Frameworks",
				);
				MARKETING_VERSION = 2.0;
				PRODUCT_BUNDLE_IDENTIFIER = com.bigscherlytraining.app.BigScherlyWidgets;
				PRODUCT_NAME = "$(TARGET_NAME)";
				REGISTER_APP_GROUPS = YES;
				SDKROOT = iphoneos;
				SKIP_INSTALL = YES;
				STRING_CATALOG_GENERATE_SYMBOLS = YES;
				SWIFT_APPROACHABLE_CONCURRENCY = YES;
				SWIFT_EMIT_LOC_STRINGS = YES;
				SWIFT_UPCOMING_FEATURE_MEMBER_IMPORT_VISIBILITY = YES;
				SWIFT_VERSION = 5.0;
				TARGETED_DEVICE_FAMILY = "1,2";
				VALIDATE_PRODUCT = YES;
			};
			name = Release;
		};
/* End XCBuildConfiguration section */

/* Begin XCConfigurationList section */
		000000000000000010000000 /* Build configuration list for PBXProject "BigScherlyTraining" */ = {
			isa = XCConfigurationList;
			buildConfigurations = (
				000000000000000011000000 /* Debug configuration for PBXProject "BigScherlyTraining" */,
				000000000000000012000000 /* Release configuration for PBXProject "BigScherlyTraining" */,
			);
			defaultConfigurationName = Release;
		};
		000000000000000110000000 /* Build configuration list for PBXNativeTarget "BigScherlyTraining" */ = {
			isa = XCConfigurationList;
			buildConfigurations = (
				000000000000000111000000 /* Debug configuration for PBXNativeTarget "BigScherlyTraining" */,
				000000000000000112000000 /* Release configuration for PBXNativeTarget "BigScherlyTraining" */,
			);
			defaultConfigurationName = Release;
		};
		A585FBB130086679008E8BE1 /* Build configuration list for PBXNativeTarget "BigScherlyWatch Watch App" */ = {
			isa = XCConfigurationList;
			buildConfigurations = (
				A585FBB230086679008E8BE1 /* Debug configuration for PBXNativeTarget "BigScherlyWatch Watch App" */,
				A585FBB330086679008E8BE1 /* Release configuration for PBXNativeTarget "BigScherlyWatch Watch App" */,
			);
			defaultConfigurationName = Release;
		};
		A585FBB530086679008E8BE1 /* Build configuration list for PBXNativeTarget "BigScherlyWatch Watch AppTests" */ = {
			isa = XCConfigurationList;
			buildConfigurations = (
				A585FBB630086679008E8BE1 /* Debug configuration for PBXNativeTarget "BigScherlyWatch Watch AppTests" */,
				A585FBB730086679008E8BE1 /* Release configuration for PBXNativeTarget "BigScherlyWatch Watch AppTests" */,
			);
			defaultConfigurationName = Release;
		};
		A585FBB830086679008E8BE1 /* Build configuration list for PBXNativeTarget "BigScherlyWatch Watch AppUITests" */ = {
			isa = XCConfigurationList;
			buildConfigurations = (
				A585FBB930086679008E8BE1 /* Debug configuration for PBXNativeTarget "BigScherlyWatch Watch AppUITests" */,
				A585FBBA30086679008E8BE1 /* Release configuration for PBXNativeTarget "BigScherlyWatch Watch AppUITests" */,
			);
			defaultConfigurationName = Release;
		};
		A585FBD93008678B008E8BE1 /* Build configuration list for PBXNativeTarget "BSTComplicationExtension" */ = {
			isa = XCConfigurationList;
			buildConfigurations = (
				A585FBDA3008678B008E8BE1 /* Debug configuration for PBXNativeTarget "BSTComplicationExtension" */,
				A585FBDB3008678B008E8BE1 /* Release configuration for PBXNativeTarget "BSTComplicationExtension" */,
			);
			defaultConfigurationName = Release;
		};
		A5F6673530717257005E9580 /* Build configuration list for PBXNativeTarget "BigScherlyWidgetsExtension" */ = {
			isa = XCConfigurationList;
			buildConfigurations = (
				A5F6673230717257005E9580 /* Debug configuration for PBXNativeTarget "BigScherlyWidgetsExtension" */,
				A5F6673330717257005E9580 /* Release configuration for PBXNativeTarget "BigScherlyWidgetsExtension" */,
			);
			defaultConfigurationName = Release;
		};
/* End XCConfigurationList section */
	};
	rootObject = 000000000000000000000000 /* Project object */;
}
